// !$*UTF8*$!
{
	archiveVersion = 1;
	classes = {
	};
	objectVersion = 46;
	objects = {

/* Begin PBXBuildFile section */
		780E20FF16682C7500AE63EA /* LLCommandCompiler.m in Sources */ = {isa = PBXBuildFile; fileRef = 780E20FE16682C7500AE63EA /* LLCommandCompiler.m */; };
		7817D156164A2481007DEC5E /* LLOptionValuePrototypeCell.m in Sources */ = {isa = PBXBuildFile; fileRef = 7817D155164A2481007DEC5E /* LLOptionValuePrototypeCell.m */; };
		785A0DA215E9A3B6002C6F78 /* UIKit.framework in Frameworks */ = {isa = PBXBuildFile; fileRef = 785A0DA115E9A3B6002C6F78 /* UIKit.framework */; };
		785A0DA415E9A3B6002C6F78 /* Foundation.framework in Frameworks */ = {isa = PBXBuildFile; fileRef = 785A0DA315E9A3B6002C6F78 /* Foundation.framework */; };
		785A0DA615E9A3B6002C6F78 /* CoreGraphics.framework in Frameworks */ = {isa = PBXBuildFile; fileRef = 785A0DA515E9A3B6002C6F78 /* CoreGraphics.framework */; };
		785A0DAC15E9A3B6002C6F78 /* InfoPlist.strings in Resources */ = {isa = PBXBuildFile; fileRef = 785A0DAA15E9A3B6002C6F78 /* InfoPlist.strings */; };
		785A0DAE15E9A3B6002C6F78 /* main.m in Sources */ = {isa = PBXBuildFile; fileRef = 785A0DAD15E9A3B6002C6F78 /* main.m */; };
		785A0DB215E9A3B6002C6F78 /* LLAppDelegate.m in Sources */ = {isa = PBXBuildFile; fileRef = 785A0DB115E9A3B6002C6F78 /* LLAppDelegate.m */; };
		785A0DD015E9BFD1002C6F78 /* LLCommand.m in Sources */ = {isa = PBXBuildFile; fileRef = 785A0DCF15E9BFD1002C6F78 /* LLCommand.m */; };
		785A0DD615E9C165002C6F78 /* LLCommandManager.m in Sources */ = {isa = PBXBuildFile; fileRef = 785A0DD515E9C165002C6F78 /* LLCommandManager.m */; };
		785A0DE215E9C662002C6F78 /* LLCommandPrototypeCell.m in Sources */ = {isa = PBXBuildFile; fileRef = 785A0DE115E9C662002C6F78 /* LLCommandPrototypeCell.m */; };
		785A0E1015E9CF02002C6F78 /* LLTwitterCommand.m in Sources */ = {isa = PBXBuildFile; fileRef = 785A0E0F15E9CF02002C6F78 /* LLTwitterCommand.m */; };
		785A0E1315E9D157002C6F78 /* twitter.png in Resources */ = {isa = PBXBuildFile; fileRef = 785A0E1215E9D157002C6F78 /* twitter.png */; };
		785A0E2215E9EF1A002C6F78 /* LLEmailCommand.m in Sources */ = {isa = PBXBuildFile; fileRef = 785A0E2115E9EF1A002C6F78 /* LLEmailCommand.m */; };
		785A0E2515E9EFEC002C6F78 /* mail.png in Resources */ = {isa = PBXBuildFile; fileRef = 785A0E2415E9EFEC002C6F78 /* mail.png */; };
		785EBB5F16297FBF00ADE85F /* LLSocialCommand.m in Sources */ = {isa = PBXBuildFile; fileRef = 785EBB5E16297FBF00ADE85F /* LLSocialCommand.m */; };
		785EBB621629805E00ADE85F /* Social.framework in Frameworks */ = {isa = PBXBuildFile; fileRef = 785EBB611629805E00ADE85F /* Social.framework */; };
		785EBB651629858C00ADE85F /* LLFacebookCommand.m in Sources */ = {isa = PBXBuildFile; fileRef = 785EBB641629858C00ADE85F /* LLFacebookCommand.m */; };
		785EBB68162AC70F00ADE85F /* LLServiceCommand.m in Sources */ = {isa = PBXBuildFile; fileRef = 785EBB67162AC70F00ADE85F /* LLServiceCommand.m */; };
		785EBB6A162B15C000ADE85F /* facebook.png in Resources */ = {isa = PBXBuildFile; fileRef = 785EBB69162B15C000ADE85F /* facebook.png */; };
		787B243C1699B18800302788 /* LLSavingTimeManager.m in Sources */ = {isa = PBXBuildFile; fileRef = 787B243B1699B18800302788 /* LLSavingTimeManager.m */; };
		788A483B167D976E009401DD /* LightLauncher.xcdatamodeld in Sources */ = {isa = PBXBuildFile; fileRef = 788A4839167D976E009401DD /* LightLauncher.xcdatamodeld */; };
		788A4873167DC317009401DD /* CoreData.framework in Frameworks */ = {isa = PBXBuildFile; fileRef = 788A4872167DC317009401DD /* CoreData.framework */; };
		788A4884167DD5C9009401DD /* LLCommandFactory.m in Sources */ = {isa = PBXBuildFile; fileRef = 788A4883167DD5C8009401DD /* LLCommandFactory.m */; };
		788A48B5167EDB26009401DD /* LLRevealController.m in Sources */ = {isa = PBXBuildFile; fileRef = 788A48B4167EDB26009401DD /* LLRevealController.m */; };
		788A48B9167EDC77009401DD /* LLRearViewController.m in Sources */ = {isa = PBXBuildFile; fileRef = 788A48B7167EDC76009401DD /* LLRearViewController.m */; };
		788A48BA167EDC77009401DD /* LLRearViewController.xib in Resources */ = {isa = PBXBuildFile; fileRef = 788A48B8167EDC76009401DD /* LLRearViewController.xib */; };
		788A48C2167EE8E2009401DD /* ZUUIRevealController.m in Sources */ = {isa = PBXBuildFile; fileRef = 788A48B2167ED905009401DD /* ZUUIRevealController.m */; };
		788A48D0167F06F5009401DD /* LLHistoryTableViewController.m in Sources */ = {isa = PBXBuildFile; fileRef = 788A48CE167F06F5009401DD /* LLHistoryTableViewController.m */; };
		788A48D1167F06F5009401DD /* LLHistoryTableViewController.xib in Resources */ = {isa = PBXBuildFile; fileRef = 788A48CF167F06F5009401DD /* LLHistoryTableViewController.xib */; };
		788A48D416815F9E009401DD /* LLHistoryCell.m in Sources */ = {isa = PBXBuildFile; fileRef = 788A48D316815F9E009401DD /* LLHistoryCell.m */; };
		788F63721681CF9B00C25E32 /* like_unselected.png in Resources */ = {isa = PBXBuildFile; fileRef = 788F63701681CF9B00C25E32 /* like_unselected.png */; };
		788F63731681CF9B00C25E32 /* like_selected.png in Resources */ = {isa = PBXBuildFile; fileRef = 788F63711681CF9B00C25E32 /* like_selected.png */; };
		788F638F1682D0B400C25E32 /* LLFavoriteGroupCell.m in Sources */ = {isa = PBXBuildFile; fileRef = 788F638E1682D0B400C25E32 /* LLFavoriteGroupCell.m */; };
		788F63911682D0F800C25E32 /* LLFavoriteGroupCell.xib in Resources */ = {isa = PBXBuildFile; fileRef = 788F63901682D0F800C25E32 /* LLFavoriteGroupCell.xib */; };
		788F63951682D44E00C25E32 /* LLFavoriteGroupTableViewController.m in Sources */ = {isa = PBXBuildFile; fileRef = 788F63931682D44E00C25E32 /* LLFavoriteGroupTableViewController.m */; };
		788F63961682D44E00C25E32 /* LLFavoriteGroupTableViewController.xib in Resources */ = {isa = PBXBuildFile; fileRef = 788F63941682D44E00C25E32 /* LLFavoriteGroupTableViewController.xib */; };
		788F639D1682D9D700C25E32 /* LLFavoriteReceiptCell.m in Sources */ = {isa = PBXBuildFile; fileRef = 788F639C1682D9D700C25E32 /* LLFavoriteReceiptCell.m */; };
		788F63DD168312D200C25E32 /* MagicalImportFunctions.m in Sources */ = {isa = PBXBuildFile; fileRef = 788F63A5168312D200C25E32 /* MagicalImportFunctions.m */; };
		788F63DE168312D200C25E32 /* NSAttributeDescription+MagicalDataImport.m in Sources */ = {isa = PBXBuildFile; fileRef = 788F63A7168312D200C25E32 /* NSAttributeDescription+MagicalDataImport.m */; };
		788F63DF168312D200C25E32 /* NSEntityDescription+MagicalDataImport.m in Sources */ = {isa = PBXBuildFile; fileRef = 788F63A9168312D200C25E32 /* NSEntityDescription+MagicalDataImport.m */; };
		788F63E0168312D200C25E32 /* NSNumber+MagicalDataImport.m in Sources */ = {isa = PBXBuildFile; fileRef = 788F63AB168312D200C25E32 /* NSNumber+MagicalDataImport.m */; };
		788F63E1168312D200C25E32 /* NSObject+MagicalDataImport.m in Sources */ = {isa = PBXBuildFile; fileRef = 788F63AD168312D200C25E32 /* NSObject+MagicalDataImport.m */; };
		788F63E2168312D200C25E32 /* NSRelationshipDescription+MagicalDataImport.m in Sources */ = {isa = PBXBuildFile; fileRef = 788F63AF168312D200C25E32 /* NSRelationshipDescription+MagicalDataImport.m */; };
		788F63E3168312D200C25E32 /* NSString+MagicalDataImport.m in Sources */ = {isa = PBXBuildFile; fileRef = 788F63B1168312D200C25E32 /* NSString+MagicalDataImport.m */; };
		788F63E4168312D200C25E32 /* NSManagedObject+MagicalAggregation.m in Sources */ = {isa = PBXBuildFile; fileRef = 788F63B4168312D200C25E32 /* NSManagedObject+MagicalAggregation.m */; };
		788F63E5168312D200C25E32 /* NSManagedObject+MagicalDataImport.m in Sources */ = {isa = PBXBuildFile; fileRef = 788F63B6168312D200C25E32 /* NSManagedObject+MagicalDataImport.m */; };
		788F63E6168312D200C25E32 /* NSManagedObject+MagicalFinders.m in Sources */ = {isa = PBXBuildFile; fileRef = 788F63B8168312D200C25E32 /* NSManagedObject+MagicalFinders.m */; };
		788F63E7168312D200C25E32 /* NSManagedObject+MagicalRecord.m in Sources */ = {isa = PBXBuildFile; fileRef = 788F63BA168312D200C25E32 /* NSManagedObject+MagicalRecord.m */; };
		788F63E8168312D200C25E32 /* NSManagedObject+MagicalRequests.m in Sources */ = {isa = PBXBuildFile; fileRef = 788F63BC168312D200C25E32 /* NSManagedObject+MagicalRequests.m */; };
		788F63E9168312D200C25E32 /* NSManagedObjectContext+MagicalObserving.m in Sources */ = {isa = PBXBuildFile; fileRef = 788F63BF168312D200C25E32 /* NSManagedObjectContext+MagicalObserving.m */; };
		788F63EA168312D200C25E32 /* NSManagedObjectContext+MagicalRecord.m in Sources */ = {isa = PBXBuildFile; fileRef = 788F63C1168312D200C25E32 /* NSManagedObjectContext+MagicalRecord.m */; };
		788F63EB168312D200C25E32 /* NSManagedObjectContext+MagicalSaves.m in Sources */ = {isa = PBXBuildFile; fileRef = 788F63C3168312D200C25E32 /* NSManagedObjectContext+MagicalSaves.m */; };
		788F63EC168312D200C25E32 /* NSManagedObjectContext+MagicalThreading.m in Sources */ = {isa = PBXBuildFile; fileRef = 788F63C5168312D200C25E32 /* NSManagedObjectContext+MagicalThreading.m */; };
		788F63ED168312D200C25E32 /* NSManagedObjectModel+MagicalRecord.m in Sources */ = {isa = PBXBuildFile; fileRef = 788F63C7168312D200C25E32 /* NSManagedObjectModel+MagicalRecord.m */; };
		788F63EE168312D200C25E32 /* NSPersistentStore+MagicalRecord.m in Sources */ = {isa = PBXBuildFile; fileRef = 788F63C9168312D200C25E32 /* NSPersistentStore+MagicalRecord.m */; };
		788F63EF168312D200C25E32 /* NSPersistentStoreCoordinator+MagicalRecord.m in Sources */ = {isa = PBXBuildFile; fileRef = 788F63CB168312D200C25E32 /* NSPersistentStoreCoordinator+MagicalRecord.m */; };
		788F63F0168312D200C25E32 /* MagicalRecord+Actions.m in Sources */ = {isa = PBXBuildFile; fileRef = 788F63CE168312D200C25E32 /* MagicalRecord+Actions.m */; };
		788F63F1168312D200C25E32 /* MagicalRecord+ErrorHandling.m in Sources */ = {isa = PBXBuildFile; fileRef = 788F63D0168312D200C25E32 /* MagicalRecord+ErrorHandling.m */; };
		788F63F2168312D200C25E32 /* MagicalRecord+iCloud.m in Sources */ = {isa = PBXBuildFile; fileRef = 788F63D2168312D200C25E32 /* MagicalRecord+iCloud.m */; };
		788F63F3168312D200C25E32 /* MagicalRecord+Options.m in Sources */ = {isa = PBXBuildFile; fileRef = 788F63D4168312D200C25E32 /* MagicalRecord+Options.m */; };
		788F63F4168312D200C25E32 /* MagicalRecord+Setup.m in Sources */ = {isa = PBXBuildFile; fileRef = 788F63D6168312D200C25E32 /* MagicalRecord+Setup.m */; };
		788F63F5168312D200C25E32 /* MagicalRecord+ShorthandSupport.m in Sources */ = {isa = PBXBuildFile; fileRef = 788F63D8168312D200C25E32 /* MagicalRecord+ShorthandSupport.m */; };
		788F63F6168312D200C25E32 /* MagicalRecord.m in Sources */ = {isa = PBXBuildFile; fileRef = 788F63DA168312D200C25E32 /* MagicalRecord.m */; };
		788F640B168318B200C25E32 /* Group.m in Sources */ = {isa = PBXBuildFile; fileRef = 788F640A1683189B00C25E32 /* Group.m */; };
		788F640E168319BB00C25E32 /* Receipt.m in Sources */ = {isa = PBXBuildFile; fileRef = 788F640D168319BB00C25E32 /* Receipt.m */; };
		788FBF87163CE93C005A444E /* LLCommandParser.m in Sources */ = {isa = PBXBuildFile; fileRef = 788FBF86163CE93C005A444E /* LLCommandParser.m */; };
		788FBF8D163CEC59005A444E /* JSONKit.m in Sources */ = {isa = PBXBuildFile; fileRef = 788FBF8C163CEC59005A444E /* JSONKit.m */; settings = {COMPILER_FLAGS = "-fno-objc-arc"; }; };
		788FBF90163D1038005A444E /* MessageUI.framework in Frameworks */ = {isa = PBXBuildFile; fileRef = 785A0E2615E9F0AC002C6F78 /* MessageUI.framework */; };
		788FBFA6163D91CF005A444E /* LLCommandPrototypeTableViewController.m in Sources */ = {isa = PBXBuildFile; fileRef = 788FBFA4163D91CF005A444E /* LLCommandPrototypeTableViewController.m */; };
		788FBFA7163D91CF005A444E /* LLCommandPrototypeTableViewController.xib in Resources */ = {isa = PBXBuildFile; fileRef = 788FBFA5163D91CF005A444E /* LLCommandPrototypeTableViewController.xib */; };
		788FBFC3163DA3F3005A444E /* LLCreateCommandTableViewController.m in Sources */ = {isa = PBXBuildFile; fileRef = 788FBFC1163DA3F3005A444E /* LLCreateCommandTableViewController.m */; };
		788FBFC4163DA3F3005A444E /* LLCreateCommandTableViewController.xib in Resources */ = {isa = PBXBuildFile; fileRef = 788FBFC2163DA3F3005A444E /* LLCreateCommandTableViewController.xib */; };
		789948E516904F92008406ED /* LLSideSwipeMenu.xib in Resources */ = {isa = PBXBuildFile; fileRef = 789948E416904F92008406ED /* LLSideSwipeMenu.xib */; };
		789948E816904FA9008406ED /* LLSideSwipeMenu.m in Sources */ = {isa = PBXBuildFile; fileRef = 789948E716904FA9008406ED /* LLSideSwipeMenu.m */; };
		789948EA1690515F008406ED /* copy.png in Resources */ = {isa = PBXBuildFile; fileRef = 789948E91690515F008406ED /* copy.png */; };
		789EE197166C9D7000CD4B92 /* LLPrefillOptionValuePrototypeCell.m in Sources */ = {isa = PBXBuildFile; fileRef = 789EE196166C9D6F00CD4B92 /* LLPrefillOptionValuePrototypeCell.m */; };
		789EE199166CA81A00CD4B92 /* LLPrefillOptionValuePrototypeCell.xib in Resources */ = {isa = PBXBuildFile; fileRef = 789EE198166CA81A00CD4B92 /* LLPrefillOptionValuePrototypeCell.xib */; };
		78A90ACE168FEEA00057289E /* LLLikeReceiptHelper.m in Sources */ = {isa = PBXBuildFile; fileRef = 78A90ACD168FEEA00057289E /* LLLikeReceiptHelper.m */; };
		78A90ADE168FF7FA0057289E /* MBProgressHUD.m in Sources */ = {isa = PBXBuildFile; fileRef = 78A90ADA168FF67E0057289E /* MBProgressHUD.m */; };
		78A90AE1168FF9150057289E /* 37x-Checkmark.png in Resources */ = {isa = PBXBuildFile; fileRef = 78A90ADF168FF9150057289E /* 37x-Checkmark.png */; };
		78A90AE2168FF9150057289E /* 37x-Checkmark@2x.png in Resources */ = {isa = PBXBuildFile; fileRef = 78A90AE0168FF9150057289E /* 37x-Checkmark@2x.png */; };
		78A90AE6169006370057289E /* UIViewController+ShowHUD.m in Sources */ = {isa = PBXBuildFile; fileRef = 78A90AE5169006370057289E /* UIViewController+ShowHUD.m */; };
		78A90AF1169045480057289E /* menu-icon.png in Resources */ = {isa = PBXBuildFile; fileRef = 78A90AEF169045480057289E /* menu-icon.png */; };
		78A90AF2169045480057289E /* menu-icon@2x.png in Resources */ = {isa = PBXBuildFile; fileRef = 78A90AF0169045480057289E /* menu-icon@2x.png */; };
		78A90AF6169045BF0057289E /* UIViewController+SetupSideMenu.m in Sources */ = {isa = PBXBuildFile; fileRef = 78A90AF5169045BE0057289E /* UIViewController+SetupSideMenu.m */; };
		78B2F4D216A278BF00EF31C6 /* AssetsLibrary.framework in Frameworks */ = {isa = PBXBuildFile; fileRef = 78B2F4D116A278BF00EF31C6 /* AssetsLibrary.framework */; };
		78BA2D3416435C950057AD58 /* LLCommandPrototype.m in Sources */ = {isa = PBXBuildFile; fileRef = 78BA2D3316435C950057AD58 /* LLCommandPrototype.m */; };
		78EAC95C16A2BEA9004C4B39 /* LLMultipleSocialsCommand.m in Sources */ = {isa = PBXBuildFile; fileRef = 78EAC95B16A2BEA9004C4B39 /* LLMultipleSocialsCommand.m */; };
		78F12CF21646B0020068F9E4 /* LLOptionPrototype.m in Sources */ = {isa = PBXBuildFile; fileRef = 78F12CF11646B0020068F9E4 /* LLOptionPrototype.m */; };
		78F12CF51646B11F0068F9E4 /* LLCommandPrototypeFactory.m in Sources */ = {isa = PBXBuildFile; fileRef = 78F12CF41646B11F0068F9E4 /* LLCommandPrototypeFactory.m */; };
		78F12CF81646B43A0068F9E4 /* LLOptionPrototypeFactory.m in Sources */ = {isa = PBXBuildFile; fileRef = 78F12CF71646B43A0068F9E4 /* LLOptionPrototypeFactory.m */; };
		78F12CFE164750950068F9E4 /* LLOptionValuePrototype.m in Sources */ = {isa = PBXBuildFile; fileRef = 78F12CFD164750950068F9E4 /* LLOptionValuePrototype.m */; };
		78F12D0116476F6E0068F9E4 /* LLOptionValuePrototypeFactory.m in Sources */ = {isa = PBXBuildFile; fileRef = 78F12D0016476F6D0068F9E4 /* LLOptionValuePrototypeFactory.m */; };
/* End PBXBuildFile section */

/* Begin PBXFileReference section */
		780E20FD16682C7500AE63EA /* LLCommandCompiler.h */ = {isa = PBXFileReference; fileEncoding = 4; lastKnownFileType = sourcecode.c.h; path = LLCommandCompiler.h; sourceTree = "<group>"; };
		780E20FE16682C7500AE63EA /* LLCommandCompiler.m */ = {isa = PBXFileReference; fileEncoding = 4; lastKnownFileType = sourcecode.c.objc; path = LLCommandCompiler.m; sourceTree = "<group>"; };
		7817D154164A2481007DEC5E /* LLOptionValuePrototypeCell.h */ = {isa = PBXFileReference; fileEncoding = 4; lastKnownFileType = sourcecode.c.h; path = LLOptionValuePrototypeCell.h; sourceTree = "<group>"; };
		7817D155164A2481007DEC5E /* LLOptionValuePrototypeCell.m */ = {isa = PBXFileReference; fileEncoding = 4; lastKnownFileType = sourcecode.c.objc; path = LLOptionValuePrototypeCell.m; sourceTree = "<group>"; };
		785A0D9D15E9A3B6002C6F78 /* LightLauncher.app */ = {isa = PBXFileReference; explicitFileType = wrapper.application; includeInIndex = 0; path = LightLauncher.app; sourceTree = BUILT_PRODUCTS_DIR; };
		785A0DA115E9A3B6002C6F78 /* UIKit.framework */ = {isa = PBXFileReference; lastKnownFileType = wrapper.framework; name = UIKit.framework; path = System/Library/Frameworks/UIKit.framework; sourceTree = SDKROOT; };
		785A0DA315E9A3B6002C6F78 /* Foundation.framework */ = {isa = PBXFileReference; lastKnownFileType = wrapper.framework; name = Foundation.framework; path = System/Library/Frameworks/Foundation.framework; sourceTree = SDKROOT; };
		785A0DA515E9A3B6002C6F78 /* CoreGraphics.framework */ = {isa = PBXFileReference; lastKnownFileType = wrapper.framework; name = CoreGraphics.framework; path = System/Library/Frameworks/CoreGraphics.framework; sourceTree = SDKROOT; };
		785A0DA915E9A3B6002C6F78 /* LightLauncher-Info.plist */ = {isa = PBXFileReference; lastKnownFileType = text.plist.xml; path = "LightLauncher-Info.plist"; sourceTree = "<group>"; };
		785A0DAB15E9A3B6002C6F78 /* en */ = {isa = PBXFileReference; lastKnownFileType = text.plist.strings; name = en; path = en.lproj/InfoPlist.strings; sourceTree = "<group>"; };
		785A0DAD15E9A3B6002C6F78 /* main.m */ = {isa = PBXFileReference; lastKnownFileType = sourcecode.c.objc; path = main.m; sourceTree = "<group>"; };
		785A0DAF15E9A3B6002C6F78 /* LightLauncher-Prefix.pch */ = {isa = PBXFileReference; lastKnownFileType = sourcecode.c.h; path = "LightLauncher-Prefix.pch"; sourceTree = "<group>"; };
		785A0DB015E9A3B6002C6F78 /* LLAppDelegate.h */ = {isa = PBXFileReference; lastKnownFileType = sourcecode.c.h; path = LLAppDelegate.h; sourceTree = "<group>"; };
		785A0DB115E9A3B6002C6F78 /* LLAppDelegate.m */ = {isa = PBXFileReference; lastKnownFileType = sourcecode.c.objc; path = LLAppDelegate.m; sourceTree = "<group>"; };
		785A0DCE15E9BFD1002C6F78 /* LLCommand.h */ = {isa = PBXFileReference; fileEncoding = 4; lastKnownFileType = sourcecode.c.h; path = LLCommand.h; sourceTree = "<group>"; };
		785A0DCF15E9BFD1002C6F78 /* LLCommand.m */ = {isa = PBXFileReference; fileEncoding = 4; lastKnownFileType = sourcecode.c.objc; path = LLCommand.m; sourceTree = "<group>"; };
		785A0DD415E9C164002C6F78 /* LLCommandManager.h */ = {isa = PBXFileReference; fileEncoding = 4; lastKnownFileType = sourcecode.c.h; path = LLCommandManager.h; sourceTree = "<group>"; };
		785A0DD515E9C165002C6F78 /* LLCommandManager.m */ = {isa = PBXFileReference; fileEncoding = 4; lastKnownFileType = sourcecode.c.objc; path = LLCommandManager.m; sourceTree = "<group>"; };
		785A0DE015E9C662002C6F78 /* LLCommandPrototypeCell.h */ = {isa = PBXFileReference; fileEncoding = 4; lastKnownFileType = sourcecode.c.h; path = LLCommandPrototypeCell.h; sourceTree = "<group>"; };
		785A0DE115E9C662002C6F78 /* LLCommandPrototypeCell.m */ = {isa = PBXFileReference; fileEncoding = 4; lastKnownFileType = sourcecode.c.objc; path = LLCommandPrototypeCell.m; sourceTree = "<group>"; };
		785A0E0E15E9CF02002C6F78 /* LLTwitterCommand.h */ = {isa = PBXFileReference; fileEncoding = 4; lastKnownFileType = sourcecode.c.h; path = LLTwitterCommand.h; sourceTree = "<group>"; };
		785A0E0F15E9CF02002C6F78 /* LLTwitterCommand.m */ = {isa = PBXFileReference; fileEncoding = 4; lastKnownFileType = sourcecode.c.objc; path = LLTwitterCommand.m; sourceTree = "<group>"; };
		785A0E1215E9D157002C6F78 /* twitter.png */ = {isa = PBXFileReference; lastKnownFileType = image.png; path = twitter.png; sourceTree = "<group>"; };
		785A0E2015E9EF1A002C6F78 /* LLEmailCommand.h */ = {isa = PBXFileReference; fileEncoding = 4; lastKnownFileType = sourcecode.c.h; path = LLEmailCommand.h; sourceTree = "<group>"; };
		785A0E2115E9EF1A002C6F78 /* LLEmailCommand.m */ = {isa = PBXFileReference; fileEncoding = 4; lastKnownFileType = sourcecode.c.objc; path = LLEmailCommand.m; sourceTree = "<group>"; };
		785A0E2415E9EFEC002C6F78 /* mail.png */ = {isa = PBXFileReference; lastKnownFileType = image.png; path = mail.png; sourceTree = "<group>"; };
		785A0E2615E9F0AC002C6F78 /* MessageUI.framework */ = {isa = PBXFileReference; lastKnownFileType = wrapper.framework; name = MessageUI.framework; path = System/Library/Frameworks/MessageUI.framework; sourceTree = SDKROOT; };
		785EBB5D16297FBF00ADE85F /* LLSocialCommand.h */ = {isa = PBXFileReference; fileEncoding = 4; lastKnownFileType = sourcecode.c.h; path = LLSocialCommand.h; sourceTree = "<group>"; };
		785EBB5E16297FBF00ADE85F /* LLSocialCommand.m */ = {isa = PBXFileReference; fileEncoding = 4; lastKnownFileType = sourcecode.c.objc; path = LLSocialCommand.m; sourceTree = "<group>"; };
		785EBB611629805E00ADE85F /* Social.framework */ = {isa = PBXFileReference; lastKnownFileType = wrapper.framework; name = Social.framework; path = System/Library/Frameworks/Social.framework; sourceTree = SDKROOT; };
		785EBB631629858C00ADE85F /* LLFacebookCommand.h */ = {isa = PBXFileReference; fileEncoding = 4; lastKnownFileType = sourcecode.c.h; path = LLFacebookCommand.h; sourceTree = "<group>"; };
		785EBB641629858C00ADE85F /* LLFacebookCommand.m */ = {isa = PBXFileReference; fileEncoding = 4; lastKnownFileType = sourcecode.c.objc; path = LLFacebookCommand.m; sourceTree = "<group>"; };
		785EBB66162AC70E00ADE85F /* LLServiceCommand.h */ = {isa = PBXFileReference; fileEncoding = 4; lastKnownFileType = sourcecode.c.h; path = LLServiceCommand.h; sourceTree = "<group>"; };
		785EBB67162AC70F00ADE85F /* LLServiceCommand.m */ = {isa = PBXFileReference; fileEncoding = 4; lastKnownFileType = sourcecode.c.objc; path = LLServiceCommand.m; sourceTree = "<group>"; };
		785EBB69162B15C000ADE85F /* facebook.png */ = {isa = PBXFileReference; lastKnownFileType = image.png; path = facebook.png; sourceTree = "<group>"; };
		787B243A1699B18800302788 /* LLSavingTimeManager.h */ = {isa = PBXFileReference; fileEncoding = 4; lastKnownFileType = sourcecode.c.h; path = LLSavingTimeManager.h; sourceTree = "<group>"; };
		787B243B1699B18800302788 /* LLSavingTimeManager.m */ = {isa = PBXFileReference; fileEncoding = 4; lastKnownFileType = sourcecode.c.objc; path = LLSavingTimeManager.m; sourceTree = "<group>"; };
		788295FB1616A4EA0072B584 /* Log.h */ = {isa = PBXFileReference; lastKnownFileType = sourcecode.c.h; path = Log.h; sourceTree = "<group>"; };
		788A483A167D976E009401DD /* LightLauncher.xcdatamodel */ = {isa = PBXFileReference; lastKnownFileType = wrapper.xcdatamodel; path = LightLauncher.xcdatamodel; sourceTree = "<group>"; };
		788A4872167DC317009401DD /* CoreData.framework */ = {isa = PBXFileReference; lastKnownFileType = wrapper.framework; name = CoreData.framework; path = System/Library/Frameworks/CoreData.framework; sourceTree = SDKROOT; };
		788A4882167DD5C7009401DD /* LLCommandFactory.h */ = {isa = PBXFileReference; fileEncoding = 4; lastKnownFileType = sourcecode.c.h; path = LLCommandFactory.h; sourceTree = "<group>"; };
		788A4883167DD5C8009401DD /* LLCommandFactory.m */ = {isa = PBXFileReference; fileEncoding = 4; lastKnownFileType = sourcecode.c.objc; path = LLCommandFactory.m; sourceTree = "<group>"; };
		788A48B1167ED905009401DD /* ZUUIRevealController.h */ = {isa = PBXFileReference; lastKnownFileType = sourcecode.c.h; name = ZUUIRevealController.h; path = ../ZUUIRevealController/ZUUIRevealController/ZUUIRevealController.h; sourceTree = "<group>"; };
		788A48B2167ED905009401DD /* ZUUIRevealController.m */ = {isa = PBXFileReference; lastKnownFileType = sourcecode.c.objc; name = ZUUIRevealController.m; path = ../ZUUIRevealController/ZUUIRevealController/ZUUIRevealController.m; sourceTree = "<group>"; };
		788A48B3167EDB26009401DD /* LLRevealController.h */ = {isa = PBXFileReference; fileEncoding = 4; lastKnownFileType = sourcecode.c.h; path = LLRevealController.h; sourceTree = "<group>"; };
		788A48B4167EDB26009401DD /* LLRevealController.m */ = {isa = PBXFileReference; fileEncoding = 4; lastKnownFileType = sourcecode.c.objc; path = LLRevealController.m; sourceTree = "<group>"; };
		788A48B6167EDC76009401DD /* LLRearViewController.h */ = {isa = PBXFileReference; fileEncoding = 4; lastKnownFileType = sourcecode.c.h; path = LLRearViewController.h; sourceTree = "<group>"; };
		788A48B7167EDC76009401DD /* LLRearViewController.m */ = {isa = PBXFileReference; fileEncoding = 4; lastKnownFileType = sourcecode.c.objc; path = LLRearViewController.m; sourceTree = "<group>"; };
		788A48B8167EDC76009401DD /* LLRearViewController.xib */ = {isa = PBXFileReference; fileEncoding = 4; lastKnownFileType = file.xib; path = LLRearViewController.xib; sourceTree = "<group>"; };
		788A48CD167F06F5009401DD /* LLHistoryTableViewController.h */ = {isa = PBXFileReference; fileEncoding = 4; lastKnownFileType = sourcecode.c.h; path = LLHistoryTableViewController.h; sourceTree = "<group>"; };
		788A48CE167F06F5009401DD /* LLHistoryTableViewController.m */ = {isa = PBXFileReference; fileEncoding = 4; lastKnownFileType = sourcecode.c.objc; path = LLHistoryTableViewController.m; sourceTree = "<group>"; };
		788A48CF167F06F5009401DD /* LLHistoryTableViewController.xib */ = {isa = PBXFileReference; fileEncoding = 4; lastKnownFileType = file.xib; path = LLHistoryTableViewController.xib; sourceTree = "<group>"; };
		788A48D216815F9E009401DD /* LLHistoryCell.h */ = {isa = PBXFileReference; fileEncoding = 4; lastKnownFileType = sourcecode.c.h; path = LLHistoryCell.h; sourceTree = "<group>"; };
		788A48D316815F9E009401DD /* LLHistoryCell.m */ = {isa = PBXFileReference; fileEncoding = 4; lastKnownFileType = sourcecode.c.objc; path = LLHistoryCell.m; sourceTree = "<group>"; };
		788F63701681CF9B00C25E32 /* like_unselected.png */ = {isa = PBXFileReference; lastKnownFileType = image.png; name = like_unselected.png; path = "../../../../../Downloads/Keyamoon-IcoMoon--limited--4f4e8f2/Icons/PNG/32px/like_unselected.png"; sourceTree = "<group>"; };
		788F63711681CF9B00C25E32 /* like_selected.png */ = {isa = PBXFileReference; lastKnownFileType = image.png; name = like_selected.png; path = "../../../../../Downloads/Keyamoon-IcoMoon--limited--4f4e8f2/Icons/PNG/32px/like_selected.png"; sourceTree = "<group>"; };
		788F638D1682D0B400C25E32 /* LLFavoriteGroupCell.h */ = {isa = PBXFileReference; fileEncoding = 4; lastKnownFileType = sourcecode.c.h; path = LLFavoriteGroupCell.h; sourceTree = "<group>"; };
		788F638E1682D0B400C25E32 /* LLFavoriteGroupCell.m */ = {isa = PBXFileReference; fileEncoding = 4; lastKnownFileType = sourcecode.c.objc; path = LLFavoriteGroupCell.m; sourceTree = "<group>"; };
		788F63901682D0F800C25E32 /* LLFavoriteGroupCell.xib */ = {isa = PBXFileReference; fileEncoding = 4; lastKnownFileType = file.xib; path = LLFavoriteGroupCell.xib; sourceTree = "<group>"; };
		788F63921682D44E00C25E32 /* LLFavoriteGroupTableViewController.h */ = {isa = PBXFileReference; fileEncoding = 4; lastKnownFileType = sourcecode.c.h; path = LLFavoriteGroupTableViewController.h; sourceTree = "<group>"; };
		788F63931682D44E00C25E32 /* LLFavoriteGroupTableViewController.m */ = {isa = PBXFileReference; fileEncoding = 4; lastKnownFileType = sourcecode.c.objc; path = LLFavoriteGroupTableViewController.m; sourceTree = "<group>"; };
		788F63941682D44E00C25E32 /* LLFavoriteGroupTableViewController.xib */ = {isa = PBXFileReference; fileEncoding = 4; lastKnownFileType = file.xib; path = LLFavoriteGroupTableViewController.xib; sourceTree = "<group>"; };
		788F639B1682D9D700C25E32 /* LLFavoriteReceiptCell.h */ = {isa = PBXFileReference; fileEncoding = 4; lastKnownFileType = sourcecode.c.h; path = LLFavoriteReceiptCell.h; sourceTree = "<group>"; };
		788F639C1682D9D700C25E32 /* LLFavoriteReceiptCell.m */ = {isa = PBXFileReference; fileEncoding = 4; lastKnownFileType = sourcecode.c.objc; path = LLFavoriteReceiptCell.m; sourceTree = "<group>"; };
		788F63A4168312D200C25E32 /* MagicalImportFunctions.h */ = {isa = PBXFileReference; fileEncoding = 4; lastKnownFileType = sourcecode.c.h; path = MagicalImportFunctions.h; sourceTree = "<group>"; };
		788F63A5168312D200C25E32 /* MagicalImportFunctions.m */ = {isa = PBXFileReference; fileEncoding = 4; lastKnownFileType = sourcecode.c.objc; path = MagicalImportFunctions.m; sourceTree = "<group>"; };
		788F63A6168312D200C25E32 /* NSAttributeDescription+MagicalDataImport.h */ = {isa = PBXFileReference; fileEncoding = 4; lastKnownFileType = sourcecode.c.h; path = "NSAttributeDescription+MagicalDataImport.h"; sourceTree = "<group>"; };
		788F63A7168312D200C25E32 /* NSAttributeDescription+MagicalDataImport.m */ = {isa = PBXFileReference; fileEncoding = 4; lastKnownFileType = sourcecode.c.objc; path = "NSAttributeDescription+MagicalDataImport.m"; sourceTree = "<group>"; };
		788F63A8168312D200C25E32 /* NSEntityDescription+MagicalDataImport.h */ = {isa = PBXFileReference; fileEncoding = 4; lastKnownFileType = sourcecode.c.h; path = "NSEntityDescription+MagicalDataImport.h"; sourceTree = "<group>"; };
		788F63A9168312D200C25E32 /* NSEntityDescription+MagicalDataImport.m */ = {isa = PBXFileReference; fileEncoding = 4; lastKnownFileType = sourcecode.c.objc; path = "NSEntityDescription+MagicalDataImport.m"; sourceTree = "<group>"; };
		788F63AA168312D200C25E32 /* NSNumber+MagicalDataImport.h */ = {isa = PBXFileReference; fileEncoding = 4; lastKnownFileType = sourcecode.c.h; path = "NSNumber+MagicalDataImport.h"; sourceTree = "<group>"; };
		788F63AB168312D200C25E32 /* NSNumber+MagicalDataImport.m */ = {isa = PBXFileReference; fileEncoding = 4; lastKnownFileType = sourcecode.c.objc; path = "NSNumber+MagicalDataImport.m"; sourceTree = "<group>"; };
		788F63AC168312D200C25E32 /* NSObject+MagicalDataImport.h */ = {isa = PBXFileReference; fileEncoding = 4; lastKnownFileType = sourcecode.c.h; path = "NSObject+MagicalDataImport.h"; sourceTree = "<group>"; };
		788F63AD168312D200C25E32 /* NSObject+MagicalDataImport.m */ = {isa = PBXFileReference; fileEncoding = 4; lastKnownFileType = sourcecode.c.objc; path = "NSObject+MagicalDataImport.m"; sourceTree = "<group>"; };
		788F63AE168312D200C25E32 /* NSRelationshipDescription+MagicalDataImport.h */ = {isa = PBXFileReference; fileEncoding = 4; lastKnownFileType = sourcecode.c.h; path = "NSRelationshipDescription+MagicalDataImport.h"; sourceTree = "<group>"; };
		788F63AF168312D200C25E32 /* NSRelationshipDescription+MagicalDataImport.m */ = {isa = PBXFileReference; fileEncoding = 4; lastKnownFileType = sourcecode.c.objc; path = "NSRelationshipDescription+MagicalDataImport.m"; sourceTree = "<group>"; };
		788F63B0168312D200C25E32 /* NSString+MagicalDataImport.h */ = {isa = PBXFileReference; fileEncoding = 4; lastKnownFileType = sourcecode.c.h; path = "NSString+MagicalDataImport.h"; sourceTree = "<group>"; };
		788F63B1168312D200C25E32 /* NSString+MagicalDataImport.m */ = {isa = PBXFileReference; fileEncoding = 4; lastKnownFileType = sourcecode.c.objc; path = "NSString+MagicalDataImport.m"; sourceTree = "<group>"; };
		788F63B3168312D200C25E32 /* NSManagedObject+MagicalAggregation.h */ = {isa = PBXFileReference; fileEncoding = 4; lastKnownFileType = sourcecode.c.h; path = "NSManagedObject+MagicalAggregation.h"; sourceTree = "<group>"; };
		788F63B4168312D200C25E32 /* NSManagedObject+MagicalAggregation.m */ = {isa = PBXFileReference; fileEncoding = 4; lastKnownFileType = sourcecode.c.objc; path = "NSManagedObject+MagicalAggregation.m"; sourceTree = "<group>"; };
		788F63B5168312D200C25E32 /* NSManagedObject+MagicalDataImport.h */ = {isa = PBXFileReference; fileEncoding = 4; lastKnownFileType = sourcecode.c.h; path = "NSManagedObject+MagicalDataImport.h"; sourceTree = "<group>"; };
		788F63B6168312D200C25E32 /* NSManagedObject+MagicalDataImport.m */ = {isa = PBXFileReference; fileEncoding = 4; lastKnownFileType = sourcecode.c.objc; path = "NSManagedObject+MagicalDataImport.m"; sourceTree = "<group>"; };
		788F63B7168312D200C25E32 /* NSManagedObject+MagicalFinders.h */ = {isa = PBXFileReference; fileEncoding = 4; lastKnownFileType = sourcecode.c.h; path = "NSManagedObject+MagicalFinders.h"; sourceTree = "<group>"; };
		788F63B8168312D200C25E32 /* NSManagedObject+MagicalFinders.m */ = {isa = PBXFileReference; fileEncoding = 4; lastKnownFileType = sourcecode.c.objc; path = "NSManagedObject+MagicalFinders.m"; sourceTree = "<group>"; };
		788F63B9168312D200C25E32 /* NSManagedObject+MagicalRecord.h */ = {isa = PBXFileReference; fileEncoding = 4; lastKnownFileType = sourcecode.c.h; path = "NSManagedObject+MagicalRecord.h"; sourceTree = "<group>"; };
		788F63BA168312D200C25E32 /* NSManagedObject+MagicalRecord.m */ = {isa = PBXFileReference; fileEncoding = 4; lastKnownFileType = sourcecode.c.objc; path = "NSManagedObject+MagicalRecord.m"; sourceTree = "<group>"; };
		788F63BB168312D200C25E32 /* NSManagedObject+MagicalRequests.h */ = {isa = PBXFileReference; fileEncoding = 4; lastKnownFileType = sourcecode.c.h; path = "NSManagedObject+MagicalRequests.h"; sourceTree = "<group>"; };
		788F63BC168312D200C25E32 /* NSManagedObject+MagicalRequests.m */ = {isa = PBXFileReference; fileEncoding = 4; lastKnownFileType = sourcecode.c.objc; path = "NSManagedObject+MagicalRequests.m"; sourceTree = "<group>"; };
		788F63BE168312D200C25E32 /* NSManagedObjectContext+MagicalObserving.h */ = {isa = PBXFileReference; fileEncoding = 4; lastKnownFileType = sourcecode.c.h; path = "NSManagedObjectContext+MagicalObserving.h"; sourceTree = "<group>"; };
		788F63BF168312D200C25E32 /* NSManagedObjectContext+MagicalObserving.m */ = {isa = PBXFileReference; fileEncoding = 4; lastKnownFileType = sourcecode.c.objc; path = "NSManagedObjectContext+MagicalObserving.m"; sourceTree = "<group>"; };
		788F63C0168312D200C25E32 /* NSManagedObjectContext+MagicalRecord.h */ = {isa = PBXFileReference; fileEncoding = 4; lastKnownFileType = sourcecode.c.h; path = "NSManagedObjectContext+MagicalRecord.h"; sourceTree = "<group>"; };
		788F63C1168312D200C25E32 /* NSManagedObjectContext+MagicalRecord.m */ = {isa = PBXFileReference; fileEncoding = 4; lastKnownFileType = sourcecode.c.objc; path = "NSManagedObjectContext+MagicalRecord.m"; sourceTree = "<group>"; };
		788F63C2168312D200C25E32 /* NSManagedObjectContext+MagicalSaves.h */ = {isa = PBXFileReference; fileEncoding = 4; lastKnownFileType = sourcecode.c.h; path = "NSManagedObjectContext+MagicalSaves.h"; sourceTree = "<group>"; };
		788F63C3168312D200C25E32 /* NSManagedObjectContext+MagicalSaves.m */ = {isa = PBXFileReference; fileEncoding = 4; lastKnownFileType = sourcecode.c.objc; path = "NSManagedObjectContext+MagicalSaves.m"; sourceTree = "<group>"; };
		788F63C4168312D200C25E32 /* NSManagedObjectContext+MagicalThreading.h */ = {isa = PBXFileReference; fileEncoding = 4; lastKnownFileType = sourcecode.c.h; path = "NSManagedObjectContext+MagicalThreading.h"; sourceTree = "<group>"; };
		788F63C5168312D200C25E32 /* NSManagedObjectContext+MagicalThreading.m */ = {isa = PBXFileReference; fileEncoding = 4; lastKnownFileType = sourcecode.c.objc; path = "NSManagedObjectContext+MagicalThreading.m"; sourceTree = "<group>"; };
		788F63C6168312D200C25E32 /* NSManagedObjectModel+MagicalRecord.h */ = {isa = PBXFileReference; fileEncoding = 4; lastKnownFileType = sourcecode.c.h; path = "NSManagedObjectModel+MagicalRecord.h"; sourceTree = "<group>"; };
		788F63C7168312D200C25E32 /* NSManagedObjectModel+MagicalRecord.m */ = {isa = PBXFileReference; fileEncoding = 4; lastKnownFileType = sourcecode.c.objc; path = "NSManagedObjectModel+MagicalRecord.m"; sourceTree = "<group>"; };
		788F63C8168312D200C25E32 /* NSPersistentStore+MagicalRecord.h */ = {isa = PBXFileReference; fileEncoding = 4; lastKnownFileType = sourcecode.c.h; path = "NSPersistentStore+MagicalRecord.h"; sourceTree = "<group>"; };
		788F63C9168312D200C25E32 /* NSPersistentStore+MagicalRecord.m */ = {isa = PBXFileReference; fileEncoding = 4; lastKnownFileType = sourcecode.c.objc; path = "NSPersistentStore+MagicalRecord.m"; sourceTree = "<group>"; };
		788F63CA168312D200C25E32 /* NSPersistentStoreCoordinator+MagicalRecord.h */ = {isa = PBXFileReference; fileEncoding = 4; lastKnownFileType = sourcecode.c.h; path = "NSPersistentStoreCoordinator+MagicalRecord.h"; sourceTree = "<group>"; };
		788F63CB168312D200C25E32 /* NSPersistentStoreCoordinator+MagicalRecord.m */ = {isa = PBXFileReference; fileEncoding = 4; lastKnownFileType = sourcecode.c.objc; path = "NSPersistentStoreCoordinator+MagicalRecord.m"; sourceTree = "<group>"; };
		788F63CD168312D200C25E32 /* MagicalRecord+Actions.h */ = {isa = PBXFileReference; fileEncoding = 4; lastKnownFileType = sourcecode.c.h; path = "MagicalRecord+Actions.h"; sourceTree = "<group>"; };
		788F63CE168312D200C25E32 /* MagicalRecord+Actions.m */ = {isa = PBXFileReference; fileEncoding = 4; lastKnownFileType = sourcecode.c.objc; path = "MagicalRecord+Actions.m"; sourceTree = "<group>"; };
		788F63CF168312D200C25E32 /* MagicalRecord+ErrorHandling.h */ = {isa = PBXFileReference; fileEncoding = 4; lastKnownFileType = sourcecode.c.h; path = "MagicalRecord+ErrorHandling.h"; sourceTree = "<group>"; };
		788F63D0168312D200C25E32 /* MagicalRecord+ErrorHandling.m */ = {isa = PBXFileReference; fileEncoding = 4; lastKnownFileType = sourcecode.c.objc; path = "MagicalRecord+ErrorHandling.m"; sourceTree = "<group>"; };
		788F63D1168312D200C25E32 /* MagicalRecord+iCloud.h */ = {isa = PBXFileReference; fileEncoding = 4; lastKnownFileType = sourcecode.c.h; path = "MagicalRecord+iCloud.h"; sourceTree = "<group>"; };
		788F63D2168312D200C25E32 /* MagicalRecord+iCloud.m */ = {isa = PBXFileReference; fileEncoding = 4; lastKnownFileType = sourcecode.c.objc; path = "MagicalRecord+iCloud.m"; sourceTree = "<group>"; };
		788F63D3168312D200C25E32 /* MagicalRecord+Options.h */ = {isa = PBXFileReference; fileEncoding = 4; lastKnownFileType = sourcecode.c.h; path = "MagicalRecord+Options.h"; sourceTree = "<group>"; };
		788F63D4168312D200C25E32 /* MagicalRecord+Options.m */ = {isa = PBXFileReference; fileEncoding = 4; lastKnownFileType = sourcecode.c.objc; path = "MagicalRecord+Options.m"; sourceTree = "<group>"; };
		788F63D5168312D200C25E32 /* MagicalRecord+Setup.h */ = {isa = PBXFileReference; fileEncoding = 4; lastKnownFileType = sourcecode.c.h; path = "MagicalRecord+Setup.h"; sourceTree = "<group>"; };
		788F63D6168312D200C25E32 /* MagicalRecord+Setup.m */ = {isa = PBXFileReference; fileEncoding = 4; lastKnownFileType = sourcecode.c.objc; path = "MagicalRecord+Setup.m"; sourceTree = "<group>"; };
		788F63D7168312D200C25E32 /* MagicalRecord+ShorthandSupport.h */ = {isa = PBXFileReference; fileEncoding = 4; lastKnownFileType = sourcecode.c.h; path = "MagicalRecord+ShorthandSupport.h"; sourceTree = "<group>"; };
		788F63D8168312D200C25E32 /* MagicalRecord+ShorthandSupport.m */ = {isa = PBXFileReference; fileEncoding = 4; lastKnownFileType = sourcecode.c.objc; path = "MagicalRecord+ShorthandSupport.m"; sourceTree = "<group>"; };
		788F63D9168312D200C25E32 /* MagicalRecord.h */ = {isa = PBXFileReference; fileEncoding = 4; lastKnownFileType = sourcecode.c.h; path = MagicalRecord.h; sourceTree = "<group>"; };
		788F63DA168312D200C25E32 /* MagicalRecord.m */ = {isa = PBXFileReference; fileEncoding = 4; lastKnownFileType = sourcecode.c.objc; path = MagicalRecord.m; sourceTree = "<group>"; };
		788F63DB168312D200C25E32 /* MagicalRecordShorthand.h */ = {isa = PBXFileReference; fileEncoding = 4; lastKnownFileType = sourcecode.c.h; path = MagicalRecordShorthand.h; sourceTree = "<group>"; };
		788F63DC168312D200C25E32 /* CoreData+MagicalRecord.h */ = {isa = PBXFileReference; fileEncoding = 4; lastKnownFileType = sourcecode.c.h; path = "CoreData+MagicalRecord.h"; sourceTree = "<group>"; };
		788F64091683188800C25E32 /* Group.h */ = {isa = PBXFileReference; fileEncoding = 4; lastKnownFileType = sourcecode.c.h; path = Group.h; sourceTree = "<group>"; };
		788F640A1683189B00C25E32 /* Group.m */ = {isa = PBXFileReference; fileEncoding = 4; lastKnownFileType = sourcecode.c.objc; path = Group.m; sourceTree = "<group>"; };
		788F640C168319BB00C25E32 /* Receipt.h */ = {isa = PBXFileReference; fileEncoding = 4; lastKnownFileType = sourcecode.c.h; path = Receipt.h; sourceTree = "<group>"; };
		788F640D168319BB00C25E32 /* Receipt.m */ = {isa = PBXFileReference; fileEncoding = 4; lastKnownFileType = sourcecode.c.objc; path = Receipt.m; sourceTree = "<group>"; };
		788FBF85163CE93C005A444E /* LLCommandParser.h */ = {isa = PBXFileReference; fileEncoding = 4; lastKnownFileType = sourcecode.c.h; path = LLCommandParser.h; sourceTree = "<group>"; };
		788FBF86163CE93C005A444E /* LLCommandParser.m */ = {isa = PBXFileReference; fileEncoding = 4; lastKnownFileType = sourcecode.c.objc; path = LLCommandParser.m; sourceTree = "<group>"; };
		788FBF8B163CEC59005A444E /* JSONKit.h */ = {isa = PBXFileReference; fileEncoding = 4; lastKnownFileType = sourcecode.c.h; path = JSONKit.h; sourceTree = "<group>"; };
		788FBF8C163CEC59005A444E /* JSONKit.m */ = {isa = PBXFileReference; fileEncoding = 4; lastKnownFileType = sourcecode.c.objc; path = JSONKit.m; sourceTree = "<group>"; };
		788FBFA3163D91CF005A444E /* LLCommandPrototypeTableViewController.h */ = {isa = PBXFileReference; fileEncoding = 4; lastKnownFileType = sourcecode.c.h; path = LLCommandPrototypeTableViewController.h; sourceTree = "<group>"; };
		788FBFA4163D91CF005A444E /* LLCommandPrototypeTableViewController.m */ = {isa = PBXFileReference; fileEncoding = 4; lastKnownFileType = sourcecode.c.objc; path = LLCommandPrototypeTableViewController.m; sourceTree = "<group>"; };
		788FBFA5163D91CF005A444E /* LLCommandPrototypeTableViewController.xib */ = {isa = PBXFileReference; fileEncoding = 4; lastKnownFileType = file.xib; path = LLCommandPrototypeTableViewController.xib; sourceTree = "<group>"; };
		788FBFC0163DA3F3005A444E /* LLCreateCommandTableViewController.h */ = {isa = PBXFileReference; fileEncoding = 4; lastKnownFileType = sourcecode.c.h; path = LLCreateCommandTableViewController.h; sourceTree = "<group>"; };
		788FBFC1163DA3F3005A444E /* LLCreateCommandTableViewController.m */ = {isa = PBXFileReference; fileEncoding = 4; lastKnownFileType = sourcecode.c.objc; path = LLCreateCommandTableViewController.m; sourceTree = "<group>"; };
		788FBFC2163DA3F3005A444E /* LLCreateCommandTableViewController.xib */ = {isa = PBXFileReference; fileEncoding = 4; lastKnownFileType = file.xib; path = LLCreateCommandTableViewController.xib; sourceTree = "<group>"; };
		789948E416904F92008406ED /* LLSideSwipeMenu.xib */ = {isa = PBXFileReference; fileEncoding = 4; lastKnownFileType = file.xib; path = LLSideSwipeMenu.xib; sourceTree = "<group>"; };
		789948E616904FA9008406ED /* LLSideSwipeMenu.h */ = {isa = PBXFileReference; fileEncoding = 4; lastKnownFileType = sourcecode.c.h; path = LLSideSwipeMenu.h; sourceTree = "<group>"; };
		789948E716904FA9008406ED /* LLSideSwipeMenu.m */ = {isa = PBXFileReference; fileEncoding = 4; lastKnownFileType = sourcecode.c.objc; path = LLSideSwipeMenu.m; sourceTree = "<group>"; };
		789948E91690515F008406ED /* copy.png */ = {isa = PBXFileReference; lastKnownFileType = image.png; path = copy.png; sourceTree = "<group>"; };
		789EE195166C9D6F00CD4B92 /* LLPrefillOptionValuePrototypeCell.h */ = {isa = PBXFileReference; fileEncoding = 4; lastKnownFileType = sourcecode.c.h; path = LLPrefillOptionValuePrototypeCell.h; sourceTree = "<group>"; };
		789EE196166C9D6F00CD4B92 /* LLPrefillOptionValuePrototypeCell.m */ = {isa = PBXFileReference; fileEncoding = 4; lastKnownFileType = sourcecode.c.objc; path = LLPrefillOptionValuePrototypeCell.m; sourceTree = "<group>"; };
		789EE198166CA81A00CD4B92 /* LLPrefillOptionValuePrototypeCell.xib */ = {isa = PBXFileReference; fileEncoding = 4; lastKnownFileType = file.xib; path = LLPrefillOptionValuePrototypeCell.xib; sourceTree = "<group>"; };
		78A90ACC168FEEA00057289E /* LLLikeReceiptHelper.h */ = {isa = PBXFileReference; fileEncoding = 4; lastKnownFileType = sourcecode.c.h; path = LLLikeReceiptHelper.h; sourceTree = "<group>"; };
		78A90ACD168FEEA00057289E /* LLLikeReceiptHelper.m */ = {isa = PBXFileReference; fileEncoding = 4; lastKnownFileType = sourcecode.c.objc; path = LLLikeReceiptHelper.m; sourceTree = "<group>"; };
		78A90AD9168FF67E0057289E /* MBProgressHUD.h */ = {isa = PBXFileReference; lastKnownFileType = sourcecode.c.h; name = MBProgressHUD.h; path = ../MBProgressHUD/MBProgressHUD.h; sourceTree = "<group>"; };
		78A90ADA168FF67E0057289E /* MBProgressHUD.m */ = {isa = PBXFileReference; lastKnownFileType = sourcecode.c.objc; name = MBProgressHUD.m; path = ../MBProgressHUD/MBProgressHUD.m; sourceTree = "<group>"; };
		78A90ADF168FF9150057289E /* 37x-Checkmark.png */ = {isa = PBXFileReference; lastKnownFileType = image.png; name = "37x-Checkmark.png"; path = "../../MBProgressHUD/Demo/Images/37x-Checkmark.png"; sourceTree = "<group>"; };
		78A90AE0168FF9150057289E /* 37x-Checkmark@2x.png */ = {isa = PBXFileReference; lastKnownFileType = image.png; name = "37x-Checkmark@2x.png"; path = "../../MBProgressHUD/Demo/Images/37x-Checkmark@2x.png"; sourceTree = "<group>"; };
		78A90AE4169006370057289E /* UIViewController+ShowHUD.h */ = {isa = PBXFileReference; fileEncoding = 4; lastKnownFileType = sourcecode.c.h; path = "UIViewController+ShowHUD.h"; sourceTree = "<group>"; };
		78A90AE5169006370057289E /* UIViewController+ShowHUD.m */ = {isa = PBXFileReference; fileEncoding = 4; lastKnownFileType = sourcecode.c.objc; path = "UIViewController+ShowHUD.m"; sourceTree = "<group>"; };
		78A90AEF169045480057289E /* menu-icon.png */ = {isa = PBXFileReference; lastKnownFileType = image.png; path = "menu-icon.png"; sourceTree = "<group>"; };
		78A90AF0169045480057289E /* menu-icon@2x.png */ = {isa = PBXFileReference; lastKnownFileType = image.png; path = "menu-icon@2x.png"; sourceTree = "<group>"; };
		78A90AF4169045BE0057289E /* UIViewController+SetupSideMenu.h */ = {isa = PBXFileReference; fileEncoding = 4; lastKnownFileType = sourcecode.c.h; path = "UIViewController+SetupSideMenu.h"; sourceTree = "<group>"; };
		78A90AF5169045BE0057289E /* UIViewController+SetupSideMenu.m */ = {isa = PBXFileReference; fileEncoding = 4; lastKnownFileType = sourcecode.c.objc; path = "UIViewController+SetupSideMenu.m"; sourceTree = "<group>"; };
		78B2F4D116A278BF00EF31C6 /* AssetsLibrary.framework */ = {isa = PBXFileReference; lastKnownFileType = wrapper.framework; name = AssetsLibrary.framework; path = System/Library/Frameworks/AssetsLibrary.framework; sourceTree = SDKROOT; };
		78BA2D3116435A420057AD58 /* Constants.h */ = {isa = PBXFileReference; lastKnownFileType = sourcecode.c.h; path = Constants.h; sourceTree = "<group>"; };
		78BA2D3216435C950057AD58 /* LLCommandPrototype.h */ = {isa = PBXFileReference; fileEncoding = 4; lastKnownFileType = sourcecode.c.h; path = LLCommandPrototype.h; sourceTree = "<group>"; };
		78BA2D3316435C950057AD58 /* LLCommandPrototype.m */ = {isa = PBXFileReference; fileEncoding = 4; lastKnownFileType = sourcecode.c.objc; path = LLCommandPrototype.m; sourceTree = "<group>"; };
		78EAC95A16A2BEA9004C4B39 /* LLMultipleSocialsCommand.h */ = {isa = PBXFileReference; fileEncoding = 4; lastKnownFileType = sourcecode.c.h; path = LLMultipleSocialsCommand.h; sourceTree = "<group>"; };
		78EAC95B16A2BEA9004C4B39 /* LLMultipleSocialsCommand.m */ = {isa = PBXFileReference; fileEncoding = 4; lastKnownFileType = sourcecode.c.objc; path = LLMultipleSocialsCommand.m; sourceTree = "<group>"; };
		78F12CF01646B0020068F9E4 /* LLOptionPrototype.h */ = {isa = PBXFileReference; fileEncoding = 4; lastKnownFileType = sourcecode.c.h; path = LLOptionPrototype.h; sourceTree = "<group>"; };
		78F12CF11646B0020068F9E4 /* LLOptionPrototype.m */ = {isa = PBXFileReference; fileEncoding = 4; lastKnownFileType = sourcecode.c.objc; path = LLOptionPrototype.m; sourceTree = "<group>"; };
		78F12CF31646B11F0068F9E4 /* LLCommandPrototypeFactory.h */ = {isa = PBXFileReference; fileEncoding = 4; lastKnownFileType = sourcecode.c.h; path = LLCommandPrototypeFactory.h; sourceTree = "<group>"; };
		78F12CF41646B11F0068F9E4 /* LLCommandPrototypeFactory.m */ = {isa = PBXFileReference; fileEncoding = 4; lastKnownFileType = sourcecode.c.objc; path = LLCommandPrototypeFactory.m; sourceTree = "<group>"; };
		78F12CF61646B43A0068F9E4 /* LLOptionPrototypeFactory.h */ = {isa = PBXFileReference; fileEncoding = 4; lastKnownFileType = sourcecode.c.h; path = LLOptionPrototypeFactory.h; sourceTree = "<group>"; };
		78F12CF71646B43A0068F9E4 /* LLOptionPrototypeFactory.m */ = {isa = PBXFileReference; fileEncoding = 4; lastKnownFileType = sourcecode.c.objc; path = LLOptionPrototypeFactory.m; sourceTree = "<group>"; };
		78F12CFC164750940068F9E4 /* LLOptionValuePrototype.h */ = {isa = PBXFileReference; fileEncoding = 4; lastKnownFileType = sourcecode.c.h; path = LLOptionValuePrototype.h; sourceTree = "<group>"; };
		78F12CFD164750950068F9E4 /* LLOptionValuePrototype.m */ = {isa = PBXFileReference; fileEncoding = 4; lastKnownFileType = sourcecode.c.objc; path = LLOptionValuePrototype.m; sourceTree = "<group>"; };
		78F12CFF16476F6D0068F9E4 /* LLOptionValuePrototypeFactory.h */ = {isa = PBXFileReference; fileEncoding = 4; lastKnownFileType = sourcecode.c.h; path = LLOptionValuePrototypeFactory.h; sourceTree = "<group>"; };
		78F12D0016476F6D0068F9E4 /* LLOptionValuePrototypeFactory.m */ = {isa = PBXFileReference; fileEncoding = 4; lastKnownFileType = sourcecode.c.objc; path = LLOptionValuePrototypeFactory.m; sourceTree = "<group>"; };
/* End PBXFileReference section */

/* Begin PBXFrameworksBuildPhase section */
		785A0D9A15E9A3B6002C6F78 /* Frameworks */ = {
			isa = PBXFrameworksBuildPhase;
			buildActionMask = 2147483647;
			files = (
				78B2F4D216A278BF00EF31C6 /* AssetsLibrary.framework in Frameworks */,
				788A4873167DC317009401DD /* CoreData.framework in Frameworks */,
				788FBF90163D1038005A444E /* MessageUI.framework in Frameworks */,
				785EBB621629805E00ADE85F /* Social.framework in Frameworks */,
				785A0DA215E9A3B6002C6F78 /* UIKit.framework in Frameworks */,
				785A0DA415E9A3B6002C6F78 /* Foundation.framework in Frameworks */,
				785A0DA615E9A3B6002C6F78 /* CoreGraphics.framework in Frameworks */,
			);
			runOnlyForDeploymentPostprocessing = 0;
		};
/* End PBXFrameworksBuildPhase section */

/* Begin PBXGroup section */
		785A0D9215E9A3B6002C6F78 = {
			isa = PBXGroup;
			children = (
				78B2F4D116A278BF00EF31C6 /* AssetsLibrary.framework */,
				785A0DA715E9A3B6002C6F78 /* LightLauncher */,
				785A0DA015E9A3B6002C6F78 /* Frameworks */,
				788FBF89163CEC1D005A444E /* Libraries */,
				785A0D9E15E9A3B6002C6F78 /* Products */,
			);
			sourceTree = "<group>";
		};
		785A0D9E15E9A3B6002C6F78 /* Products */ = {
			isa = PBXGroup;
			children = (
				785A0D9D15E9A3B6002C6F78 /* LightLauncher.app */,
			);
			name = Products;
			sourceTree = "<group>";
		};
		785A0DA015E9A3B6002C6F78 /* Frameworks */ = {
			isa = PBXGroup;
			children = (
				788A4872167DC317009401DD /* CoreData.framework */,
				785EBB611629805E00ADE85F /* Social.framework */,
				785A0E2615E9F0AC002C6F78 /* MessageUI.framework */,
				785A0DA115E9A3B6002C6F78 /* UIKit.framework */,
				785A0DA315E9A3B6002C6F78 /* Foundation.framework */,
				785A0DA515E9A3B6002C6F78 /* CoreGraphics.framework */,
			);
			name = Frameworks;
			sourceTree = "<group>";
		};
		785A0DA715E9A3B6002C6F78 /* LightLauncher */ = {
			isa = PBXGroup;
			children = (
				785A0DB015E9A3B6002C6F78 /* LLAppDelegate.h */,
				785A0DB115E9A3B6002C6F78 /* LLAppDelegate.m */,
				788A4839167D976E009401DD /* LightLauncher.xcdatamodeld */,
				78BA2D3116435A420057AD58 /* Constants.h */,
				785A0DC415E9BEEF002C6F78 /* Model */,
				785A0DD715E9C329002C6F78 /* View */,
				785A0DC215E9BEE4002C6F78 /* Controller */,
				785A0E1115E9D135002C6F78 /* Images */,
				788295FC1616A4F50072B584 /* Utils */,
				785A0DA815E9A3B6002C6F78 /* Supporting Files */,
			);
			path = LightLauncher;
			sourceTree = "<group>";
		};
		785A0DA815E9A3B6002C6F78 /* Supporting Files */ = {
			isa = PBXGroup;
			children = (
				785A0DA915E9A3B6002C6F78 /* LightLauncher-Info.plist */,
				785A0DAA15E9A3B6002C6F78 /* InfoPlist.strings */,
				785A0DAD15E9A3B6002C6F78 /* main.m */,
				785A0DAF15E9A3B6002C6F78 /* LightLauncher-Prefix.pch */,
			);
			name = "Supporting Files";
			sourceTree = "<group>";
		};
		785A0DC215E9BEE4002C6F78 /* Controller */ = {
			isa = PBXGroup;
			children = (
				789948EE16906BA2008406ED /* Extensions */,
				78A90ADD168FF7C50057289E /* Helpers */,
				788A48BC167EDC9C009401DD /* Create Group */,
				788A48CB167F06D3009401DD /* History Group */,
				788F637D1681D3AC00C25E32 /* Favorite Group */,
				788A48BB167EDC81009401DD /* Side Menu */,
			);
			name = Controller;
			sourceTree = "<group>";
		};
		785A0DC415E9BEEF002C6F78 /* Model */ = {
			isa = PBXGroup;
			children = (
				788A483D167D9CC2009401DD /* CoreData */,
				785A0E0D15E9CE22002C6F78 /* Commands */,
				788A488D167DD97F009401DD /* Prototypes */,
				788A488F167DD995009401DD /* Factories */,
				785A0DD415E9C164002C6F78 /* LLCommandManager.h */,
				785A0DD515E9C165002C6F78 /* LLCommandManager.m */,
				780E20FD16682C7500AE63EA /* LLCommandCompiler.h */,
				780E20FE16682C7500AE63EA /* LLCommandCompiler.m */,
				788FBF85163CE93C005A444E /* LLCommandParser.h */,
				788FBF86163CE93C005A444E /* LLCommandParser.m */,
				787B243A1699B18800302788 /* LLSavingTimeManager.h */,
				787B243B1699B18800302788 /* LLSavingTimeManager.m */,
			);
			name = Model;
			sourceTree = "<group>";
		};
		785A0DD715E9C329002C6F78 /* View */ = {
			isa = PBXGroup;
			children = (
				788A4890167DDC4E009401DD /* Table View Cells */,
			);
			name = View;
			sourceTree = "<group>";
		};
		785A0E0D15E9CE22002C6F78 /* Commands */ = {
			isa = PBXGroup;
			children = (
				788FBF8F163D0927005A444E /* Abstract Commands */,
				785A0E2015E9EF1A002C6F78 /* LLEmailCommand.h */,
				785A0E2115E9EF1A002C6F78 /* LLEmailCommand.m */,
				785EBB631629858C00ADE85F /* LLFacebookCommand.h */,
				785EBB641629858C00ADE85F /* LLFacebookCommand.m */,
				785A0E0E15E9CF02002C6F78 /* LLTwitterCommand.h */,
				785A0E0F15E9CF02002C6F78 /* LLTwitterCommand.m */,
				78EAC95A16A2BEA9004C4B39 /* LLMultipleSocialsCommand.h */,
				78EAC95B16A2BEA9004C4B39 /* LLMultipleSocialsCommand.m */,
			);
			name = Commands;
			sourceTree = "<group>";
		};
		785A0E1115E9D135002C6F78 /* Images */ = {
			isa = PBXGroup;
			children = (
				789948E91690515F008406ED /* copy.png */,
				78A90AEF169045480057289E /* menu-icon.png */,
				78A90AF0169045480057289E /* menu-icon@2x.png */,
				78A90ADF168FF9150057289E /* 37x-Checkmark.png */,
				78A90AE0168FF9150057289E /* 37x-Checkmark@2x.png */,
				788F63701681CF9B00C25E32 /* like_unselected.png */,
				788F63711681CF9B00C25E32 /* like_selected.png */,
				785EBB69162B15C000ADE85F /* facebook.png */,
				785A0E2415E9EFEC002C6F78 /* mail.png */,
				785A0E1215E9D157002C6F78 /* twitter.png */,
			);
			name = Images;
			sourceTree = "<group>";
		};
		788295FC1616A4F50072B584 /* Utils */ = {
			isa = PBXGroup;
			children = (
				788295FB1616A4EA0072B584 /* Log.h */,
			);
			name = Utils;
			sourceTree = "<group>";
		};
		788A483D167D9CC2009401DD /* CoreData */ = {
			isa = PBXGroup;
			children = (
				788F640C168319BB00C25E32 /* Receipt.h */,
				788F640D168319BB00C25E32 /* Receipt.m */,
				788F64091683188800C25E32 /* Group.h */,
				788F640A1683189B00C25E32 /* Group.m */,
			);
			name = CoreData;
			sourceTree = "<group>";
		};
		788A488D167DD97F009401DD /* Prototypes */ = {
			isa = PBXGroup;
			children = (
				78BA2D3216435C950057AD58 /* LLCommandPrototype.h */,
				78BA2D3316435C950057AD58 /* LLCommandPrototype.m */,
				78F12CF01646B0020068F9E4 /* LLOptionPrototype.h */,
				78F12CF11646B0020068F9E4 /* LLOptionPrototype.m */,
				78F12CFC164750940068F9E4 /* LLOptionValuePrototype.h */,
				78F12CFD164750950068F9E4 /* LLOptionValuePrototype.m */,
			);
			name = Prototypes;
			sourceTree = "<group>";
		};
		788A488F167DD995009401DD /* Factories */ = {
			isa = PBXGroup;
			children = (
				788A4882167DD5C7009401DD /* LLCommandFactory.h */,
				788A4883167DD5C8009401DD /* LLCommandFactory.m */,
				78F12CF31646B11F0068F9E4 /* LLCommandPrototypeFactory.h */,
				78F12CF41646B11F0068F9E4 /* LLCommandPrototypeFactory.m */,
				78F12CF61646B43A0068F9E4 /* LLOptionPrototypeFactory.h */,
				78F12CF71646B43A0068F9E4 /* LLOptionPrototypeFactory.m */,
				78F12CFF16476F6D0068F9E4 /* LLOptionValuePrototypeFactory.h */,
				78F12D0016476F6D0068F9E4 /* LLOptionValuePrototypeFactory.m */,
			);
			name = Factories;
			sourceTree = "<group>";
		};
		788A4890167DDC4E009401DD /* Table View Cells */ = {
			isa = PBXGroup;
			children = (
				788F63841681FF1C00C25E32 /* Create Group */,
				788F63851681FF3200C25E32 /* History Group */,
				788F63861681FF6800C25E32 /* Favorite Group */,
			);
			name = "Table View Cells";
			sourceTree = "<group>";
		};
		788A48AF167ED8E8009401DD /* ZUUIRevealController */ = {
			isa = PBXGroup;
			children = (
				788A48B1167ED905009401DD /* ZUUIRevealController.h */,
				788A48B2167ED905009401DD /* ZUUIRevealController.m */,
			);
			name = ZUUIRevealController;
			sourceTree = "<group>";
		};
		788A48BB167EDC81009401DD /* Side Menu */ = {
			isa = PBXGroup;
			children = (
				788A48B3167EDB26009401DD /* LLRevealController.h */,
				788A48B4167EDB26009401DD /* LLRevealController.m */,
				788A48B6167EDC76009401DD /* LLRearViewController.h */,
				788A48B7167EDC76009401DD /* LLRearViewController.m */,
				788A48B8167EDC76009401DD /* LLRearViewController.xib */,
			);
			name = "Side Menu";
			sourceTree = "<group>";
		};
		788A48BC167EDC9C009401DD /* Create Group */ = {
			isa = PBXGroup;
			children = (
				788FBFA3163D91CF005A444E /* LLCommandPrototypeTableViewController.h */,
				788FBFA4163D91CF005A444E /* LLCommandPrototypeTableViewController.m */,
				788FBFA5163D91CF005A444E /* LLCommandPrototypeTableViewController.xib */,
				788FBFC0163DA3F3005A444E /* LLCreateCommandTableViewController.h */,
				788FBFC1163DA3F3005A444E /* LLCreateCommandTableViewController.m */,
				788FBFC2163DA3F3005A444E /* LLCreateCommandTableViewController.xib */,
			);
			name = "Create Group";
			sourceTree = "<group>";
		};
		788A48CB167F06D3009401DD /* History Group */ = {
			isa = PBXGroup;
			children = (
				788A48CD167F06F5009401DD /* LLHistoryTableViewController.h */,
				788A48CE167F06F5009401DD /* LLHistoryTableViewController.m */,
				788A48CF167F06F5009401DD /* LLHistoryTableViewController.xib */,
			);
			name = "History Group";
			sourceTree = "<group>";
		};
		788F637D1681D3AC00C25E32 /* Favorite Group */ = {
			isa = PBXGroup;
			children = (
				788F63921682D44E00C25E32 /* LLFavoriteGroupTableViewController.h */,
				788F63931682D44E00C25E32 /* LLFavoriteGroupTableViewController.m */,
				788F63941682D44E00C25E32 /* LLFavoriteGroupTableViewController.xib */,
			);
			name = "Favorite Group";
			sourceTree = "<group>";
		};
		788F63841681FF1C00C25E32 /* Create Group */ = {
			isa = PBXGroup;
			children = (
				785A0DE015E9C662002C6F78 /* LLCommandPrototypeCell.h */,
				785A0DE115E9C662002C6F78 /* LLCommandPrototypeCell.m */,
				7817D154164A2481007DEC5E /* LLOptionValuePrototypeCell.h */,
				7817D155164A2481007DEC5E /* LLOptionValuePrototypeCell.m */,
				789EE195166C9D6F00CD4B92 /* LLPrefillOptionValuePrototypeCell.h */,
				789EE196166C9D6F00CD4B92 /* LLPrefillOptionValuePrototypeCell.m */,
				789EE198166CA81A00CD4B92 /* LLPrefillOptionValuePrototypeCell.xib */,
			);
			name = "Create Group";
			sourceTree = "<group>";
		};
		788F63851681FF3200C25E32 /* History Group */ = {
			isa = PBXGroup;
			children = (
				788A48D216815F9E009401DD /* LLHistoryCell.h */,
				788A48D316815F9E009401DD /* LLHistoryCell.m */,
				789948E416904F92008406ED /* LLSideSwipeMenu.xib */,
				789948E616904FA9008406ED /* LLSideSwipeMenu.h */,
				789948E716904FA9008406ED /* LLSideSwipeMenu.m */,
			);
			name = "History Group";
			sourceTree = "<group>";
		};
		788F63861681FF6800C25E32 /* Favorite Group */ = {
			isa = PBXGroup;
			children = (
				788F638D1682D0B400C25E32 /* LLFavoriteGroupCell.h */,
				788F638E1682D0B400C25E32 /* LLFavoriteGroupCell.m */,
				788F63901682D0F800C25E32 /* LLFavoriteGroupCell.xib */,
				788F639B1682D9D700C25E32 /* LLFavoriteReceiptCell.h */,
				788F639C1682D9D700C25E32 /* LLFavoriteReceiptCell.m */,
			);
			name = "Favorite Group";
			sourceTree = "<group>";
		};
		788F63A1168312D200C25E32 /* MagicalRecord */ = {
			isa = PBXGroup;
			children = (
				788F63A2168312D200C25E32 /* Categories */,
				788F63CC168312D200C25E32 /* Core */,
				788F63DC168312D200C25E32 /* CoreData+MagicalRecord.h */,
			);
			name = MagicalRecord;
			path = ../MagicalRecord/MagicalRecord;
			sourceTree = "<group>";
		};
		788F63A2168312D200C25E32 /* Categories */ = {
			isa = PBXGroup;
			children = (
				788F63A3168312D200C25E32 /* DataImport */,
				788F63B2168312D200C25E32 /* NSManagedObject */,
				788F63BD168312D200C25E32 /* NSManagedObjectContext */,
				788F63C6168312D200C25E32 /* NSManagedObjectModel+MagicalRecord.h */,
				788F63C7168312D200C25E32 /* NSManagedObjectModel+MagicalRecord.m */,
				788F63C8168312D200C25E32 /* NSPersistentStore+MagicalRecord.h */,
				788F63C9168312D200C25E32 /* NSPersistentStore+MagicalRecord.m */,
				788F63CA168312D200C25E32 /* NSPersistentStoreCoordinator+MagicalRecord.h */,
				788F63CB168312D200C25E32 /* NSPersistentStoreCoordinator+MagicalRecord.m */,
			);
			path = Categories;
			sourceTree = "<group>";
		};
		788F63A3168312D200C25E32 /* DataImport */ = {
			isa = PBXGroup;
			children = (
				788F63A4168312D200C25E32 /* MagicalImportFunctions.h */,
				788F63A5168312D200C25E32 /* MagicalImportFunctions.m */,
				788F63A6168312D200C25E32 /* NSAttributeDescription+MagicalDataImport.h */,
				788F63A7168312D200C25E32 /* NSAttributeDescription+MagicalDataImport.m */,
				788F63A8168312D200C25E32 /* NSEntityDescription+MagicalDataImport.h */,
				788F63A9168312D200C25E32 /* NSEntityDescription+MagicalDataImport.m */,
				788F63AA168312D200C25E32 /* NSNumber+MagicalDataImport.h */,
				788F63AB168312D200C25E32 /* NSNumber+MagicalDataImport.m */,
				788F63AC168312D200C25E32 /* NSObject+MagicalDataImport.h */,
				788F63AD168312D200C25E32 /* NSObject+MagicalDataImport.m */,
				788F63AE168312D200C25E32 /* NSRelationshipDescription+MagicalDataImport.h */,
				788F63AF168312D200C25E32 /* NSRelationshipDescription+MagicalDataImport.m */,
				788F63B0168312D200C25E32 /* NSString+MagicalDataImport.h */,
				788F63B1168312D200C25E32 /* NSString+MagicalDataImport.m */,
			);
			path = DataImport;
			sourceTree = "<group>";
		};
		788F63B2168312D200C25E32 /* NSManagedObject */ = {
			isa = PBXGroup;
			children = (
				788F63B3168312D200C25E32 /* NSManagedObject+MagicalAggregation.h */,
				788F63B4168312D200C25E32 /* NSManagedObject+MagicalAggregation.m */,
				788F63B5168312D200C25E32 /* NSManagedObject+MagicalDataImport.h */,
				788F63B6168312D200C25E32 /* NSManagedObject+MagicalDataImport.m */,
				788F63B7168312D200C25E32 /* NSManagedObject+MagicalFinders.h */,
				788F63B8168312D200C25E32 /* NSManagedObject+MagicalFinders.m */,
				788F63B9168312D200C25E32 /* NSManagedObject+MagicalRecord.h */,
				788F63BA168312D200C25E32 /* NSManagedObject+MagicalRecord.m */,
				788F63BB168312D200C25E32 /* NSManagedObject+MagicalRequests.h */,
				788F63BC168312D200C25E32 /* NSManagedObject+MagicalRequests.m */,
			);
			path = NSManagedObject;
			sourceTree = "<group>";
		};
		788F63BD168312D200C25E32 /* NSManagedObjectContext */ = {
			isa = PBXGroup;
			children = (
				788F63BE168312D200C25E32 /* NSManagedObjectContext+MagicalObserving.h */,
				788F63BF168312D200C25E32 /* NSManagedObjectContext+MagicalObserving.m */,
				788F63C0168312D200C25E32 /* NSManagedObjectContext+MagicalRecord.h */,
				788F63C1168312D200C25E32 /* NSManagedObjectContext+MagicalRecord.m */,
				788F63C2168312D200C25E32 /* NSManagedObjectContext+MagicalSaves.h */,
				788F63C3168312D200C25E32 /* NSManagedObjectContext+MagicalSaves.m */,
				788F63C4168312D200C25E32 /* NSManagedObjectContext+MagicalThreading.h */,
				788F63C5168312D200C25E32 /* NSManagedObjectContext+MagicalThreading.m */,
			);
			path = NSManagedObjectContext;
			sourceTree = "<group>";
		};
		788F63CC168312D200C25E32 /* Core */ = {
			isa = PBXGroup;
			children = (
				788F63CD168312D200C25E32 /* MagicalRecord+Actions.h */,
				788F63CE168312D200C25E32 /* MagicalRecord+Actions.m */,
				788F63CF168312D200C25E32 /* MagicalRecord+ErrorHandling.h */,
				788F63D0168312D200C25E32 /* MagicalRecord+ErrorHandling.m */,
				788F63D1168312D200C25E32 /* MagicalRecord+iCloud.h */,
				788F63D2168312D200C25E32 /* MagicalRecord+iCloud.m */,
				788F63D3168312D200C25E32 /* MagicalRecord+Options.h */,
				788F63D4168312D200C25E32 /* MagicalRecord+Options.m */,
				788F63D5168312D200C25E32 /* MagicalRecord+Setup.h */,
				788F63D6168312D200C25E32 /* MagicalRecord+Setup.m */,
				788F63D7168312D200C25E32 /* MagicalRecord+ShorthandSupport.h */,
				788F63D8168312D200C25E32 /* MagicalRecord+ShorthandSupport.m */,
				788F63D9168312D200C25E32 /* MagicalRecord.h */,
				788F63DA168312D200C25E32 /* MagicalRecord.m */,
				788F63DB168312D200C25E32 /* MagicalRecordShorthand.h */,
			);
			path = Core;
			sourceTree = "<group>";
		};
		788FBF89163CEC1D005A444E /* Libraries */ = {
			isa = PBXGroup;
			children = (
				78A90ADC168FF6820057289E /* MBProgressHUD */,
				788F63A1168312D200C25E32 /* MagicalRecord */,
				788A48AF167ED8E8009401DD /* ZUUIRevealController */,
				788FBF8A163CEC44005A444E /* JSONKit */,
			);
			name = Libraries;
			sourceTree = "<group>";
		};
		788FBF8A163CEC44005A444E /* JSONKit */ = {
			isa = PBXGroup;
			children = (
				788FBF8B163CEC59005A444E /* JSONKit.h */,
				788FBF8C163CEC59005A444E /* JSONKit.m */,
			);
			name = JSONKit;
			sourceTree = "<group>";
		};
		788FBF8F163D0927005A444E /* Abstract Commands */ = {
			isa = PBXGroup;
			children = (
				785A0DCE15E9BFD1002C6F78 /* LLCommand.h */,
				785A0DCF15E9BFD1002C6F78 /* LLCommand.m */,
				785EBB66162AC70E00ADE85F /* LLServiceCommand.h */,
				785EBB67162AC70F00ADE85F /* LLServiceCommand.m */,
				785EBB5D16297FBF00ADE85F /* LLSocialCommand.h */,
				785EBB5E16297FBF00ADE85F /* LLSocialCommand.m */,
			);
			name = "Abstract Commands";
			sourceTree = "<group>";
		};
		789948EE16906BA2008406ED /* Extensions */ = {
			isa = PBXGroup;
			children = (
				78A90AE4169006370057289E /* UIViewController+ShowHUD.h */,
				78A90AE5169006370057289E /* UIViewController+ShowHUD.m */,
				78A90AF4169045BE0057289E /* UIViewController+SetupSideMenu.h */,
				78A90AF5169045BE0057289E /* UIViewController+SetupSideMenu.m */,
			);
			name = Extensions;
			sourceTree = "<group>";
		};
		78A90ADC168FF6820057289E /* MBProgressHUD */ = {
			isa = PBXGroup;
			children = (
				78A90AD9168FF67E0057289E /* MBProgressHUD.h */,
				78A90ADA168FF67E0057289E /* MBProgressHUD.m */,
			);
			name = MBProgressHUD;
			sourceTree = "<group>";
		};
		78A90ADD168FF7C50057289E /* Helpers */ = {
			isa = PBXGroup;
			children = (
				78A90ACC168FEEA00057289E /* LLLikeReceiptHelper.h */,
				78A90ACD168FEEA00057289E /* LLLikeReceiptHelper.m */,
			);
			name = Helpers;
			sourceTree = "<group>";
		};
/* End PBXGroup section */

/* Begin PBXNativeTarget section */
		785A0D9C15E9A3B6002C6F78 /* LightLauncher */ = {
			isa = PBXNativeTarget;
			buildConfigurationList = 785A0DBB15E9A3B6002C6F78 /* Build configuration list for PBXNativeTarget "LightLauncher" */;
			buildPhases = (
				785A0D9915E9A3B6002C6F78 /* Sources */,
				785A0D9A15E9A3B6002C6F78 /* Frameworks */,
				785A0D9B15E9A3B6002C6F78 /* Resources */,
			);
			buildRules = (
			);
			dependencies = (
			);
			name = LightLauncher;
			productName = LightLauncher;
			productReference = 785A0D9D15E9A3B6002C6F78 /* LightLauncher.app */;
			productType = "com.apple.product-type.application";
		};
/* End PBXNativeTarget section */

/* Begin PBXProject section */
		785A0D9415E9A3B6002C6F78 /* Project object */ = {
			isa = PBXProject;
			attributes = {
				CLASSPREFIX = LL;
				LastUpgradeCheck = 0440;
				ORGANIZATIONNAME = "EarlyBird Lab";
			};
			buildConfigurationList = 785A0D9715E9A3B6002C6F78 /* Build configuration list for PBXProject "LightLauncher" */;
			compatibilityVersion = "Xcode 3.2";
			developmentRegion = English;
			hasScannedForEncodings = 0;
			knownRegions = (
				en,
			);
			mainGroup = 785A0D9215E9A3B6002C6F78;
			productRefGroup = 785A0D9E15E9A3B6002C6F78 /* Products */;
			projectDirPath = "";
			projectRoot = "";
			targets = (
				785A0D9C15E9A3B6002C6F78 /* LightLauncher */,
			);
		};
/* End PBXProject section */

/* Begin PBXResourcesBuildPhase section */
		785A0D9B15E9A3B6002C6F78 /* Resources */ = {
			isa = PBXResourcesBuildPhase;
			buildActionMask = 2147483647;
			files = (
				785A0DAC15E9A3B6002C6F78 /* InfoPlist.strings in Resources */,
				785A0E1315E9D157002C6F78 /* twitter.png in Resources */,
				785A0E2515E9EFEC002C6F78 /* mail.png in Resources */,
				785EBB6A162B15C000ADE85F /* facebook.png in Resources */,
				788FBFA7163D91CF005A444E /* LLCommandPrototypeTableViewController.xib in Resources */,
				788FBFC4163DA3F3005A444E /* LLCreateCommandTableViewController.xib in Resources */,
				789EE199166CA81A00CD4B92 /* LLPrefillOptionValuePrototypeCell.xib in Resources */,
				788A48BA167EDC77009401DD /* LLRearViewController.xib in Resources */,
				788A48D1167F06F5009401DD /* LLHistoryTableViewController.xib in Resources */,
				788F63721681CF9B00C25E32 /* like_unselected.png in Resources */,
				788F63731681CF9B00C25E32 /* like_selected.png in Resources */,
				788F63911682D0F800C25E32 /* LLFavoriteGroupCell.xib in Resources */,
				788F63961682D44E00C25E32 /* LLFavoriteGroupTableViewController.xib in Resources */,
				78A90AE1168FF9150057289E /* 37x-Checkmark.png in Resources */,
				78A90AE2168FF9150057289E /* 37x-Checkmark@2x.png in Resources */,
				78A90AF1169045480057289E /* menu-icon.png in Resources */,
				78A90AF2169045480057289E /* menu-icon@2x.png in Resources */,
				789948E516904F92008406ED /* LLSideSwipeMenu.xib in Resources */,
				789948EA1690515F008406ED /* copy.png in Resources */,
			);
			runOnlyForDeploymentPostprocessing = 0;
		};
/* End PBXResourcesBuildPhase section */

/* Begin PBXSourcesBuildPhase section */
		785A0D9915E9A3B6002C6F78 /* Sources */ = {
			isa = PBXSourcesBuildPhase;
			buildActionMask = 2147483647;
			files = (
				78A90ADE168FF7FA0057289E /* MBProgressHUD.m in Sources */,
				788A48C2167EE8E2009401DD /* ZUUIRevealController.m in Sources */,
				785A0DAE15E9A3B6002C6F78 /* main.m in Sources */,
				785A0DB215E9A3B6002C6F78 /* LLAppDelegate.m in Sources */,
				785A0DD015E9BFD1002C6F78 /* LLCommand.m in Sources */,
				785A0DD615E9C165002C6F78 /* LLCommandManager.m in Sources */,
				785A0DE215E9C662002C6F78 /* LLCommandPrototypeCell.m in Sources */,
				785A0E1015E9CF02002C6F78 /* LLTwitterCommand.m in Sources */,
				785A0E2215E9EF1A002C6F78 /* LLEmailCommand.m in Sources */,
				785EBB5F16297FBF00ADE85F /* LLSocialCommand.m in Sources */,
				785EBB651629858C00ADE85F /* LLFacebookCommand.m in Sources */,
				785EBB68162AC70F00ADE85F /* LLServiceCommand.m in Sources */,
				788FBF87163CE93C005A444E /* LLCommandParser.m in Sources */,
				788FBF8D163CEC59005A444E /* JSONKit.m in Sources */,
				788FBFA6163D91CF005A444E /* LLCommandPrototypeTableViewController.m in Sources */,
				788FBFC3163DA3F3005A444E /* LLCreateCommandTableViewController.m in Sources */,
				78BA2D3416435C950057AD58 /* LLCommandPrototype.m in Sources */,
				78F12CF21646B0020068F9E4 /* LLOptionPrototype.m in Sources */,
				78F12CF51646B11F0068F9E4 /* LLCommandPrototypeFactory.m in Sources */,
				78F12CF81646B43A0068F9E4 /* LLOptionPrototypeFactory.m in Sources */,
				78F12CFE164750950068F9E4 /* LLOptionValuePrototype.m in Sources */,
				78F12D0116476F6E0068F9E4 /* LLOptionValuePrototypeFactory.m in Sources */,
				7817D156164A2481007DEC5E /* LLOptionValuePrototypeCell.m in Sources */,
				780E20FF16682C7500AE63EA /* LLCommandCompiler.m in Sources */,
				789EE197166C9D7000CD4B92 /* LLPrefillOptionValuePrototypeCell.m in Sources */,
				788A483B167D976E009401DD /* LightLauncher.xcdatamodeld in Sources */,
				788A4884167DD5C9009401DD /* LLCommandFactory.m in Sources */,
				788A48B5167EDB26009401DD /* LLRevealController.m in Sources */,
				788A48B9167EDC77009401DD /* LLRearViewController.m in Sources */,
				788A48D0167F06F5009401DD /* LLHistoryTableViewController.m in Sources */,
				788A48D416815F9E009401DD /* LLHistoryCell.m in Sources */,
				788F638F1682D0B400C25E32 /* LLFavoriteGroupCell.m in Sources */,
				788F63951682D44E00C25E32 /* LLFavoriteGroupTableViewController.m in Sources */,
				788F639D1682D9D700C25E32 /* LLFavoriteReceiptCell.m in Sources */,
				788F63DD168312D200C25E32 /* MagicalImportFunctions.m in Sources */,
				788F63DE168312D200C25E32 /* NSAttributeDescription+MagicalDataImport.m in Sources */,
				788F63DF168312D200C25E32 /* NSEntityDescription+MagicalDataImport.m in Sources */,
				788F63E0168312D200C25E32 /* NSNumber+MagicalDataImport.m in Sources */,
				788F63E1168312D200C25E32 /* NSObject+MagicalDataImport.m in Sources */,
				788F63E2168312D200C25E32 /* NSRelationshipDescription+MagicalDataImport.m in Sources */,
				788F63E3168312D200C25E32 /* NSString+MagicalDataImport.m in Sources */,
				788F63E4168312D200C25E32 /* NSManagedObject+MagicalAggregation.m in Sources */,
				788F63E5168312D200C25E32 /* NSManagedObject+MagicalDataImport.m in Sources */,
				788F63E6168312D200C25E32 /* NSManagedObject+MagicalFinders.m in Sources */,
				788F63E7168312D200C25E32 /* NSManagedObject+MagicalRecord.m in Sources */,
				788F63E8168312D200C25E32 /* NSManagedObject+MagicalRequests.m in Sources */,
				788F63E9168312D200C25E32 /* NSManagedObjectContext+MagicalObserving.m in Sources */,
				788F63EA168312D200C25E32 /* NSManagedObjectContext+MagicalRecord.m in Sources */,
				788F63EB168312D200C25E32 /* NSManagedObjectContext+MagicalSaves.m in Sources */,
				788F63EC168312D200C25E32 /* NSManagedObjectContext+MagicalThreading.m in Sources */,
				788F63ED168312D200C25E32 /* NSManagedObjectModel+MagicalRecord.m in Sources */,
				788F63EE168312D200C25E32 /* NSPersistentStore+MagicalRecord.m in Sources */,
				788F63EF168312D200C25E32 /* NSPersistentStoreCoordinator+MagicalRecord.m in Sources */,
				788F63F0168312D200C25E32 /* MagicalRecord+Actions.m in Sources */,
				788F63F1168312D200C25E32 /* MagicalRecord+ErrorHandling.m in Sources */,
				788F63F2168312D200C25E32 /* MagicalRecord+iCloud.m in Sources */,
				788F63F3168312D200C25E32 /* MagicalRecord+Options.m in Sources */,
				788F63F4168312D200C25E32 /* MagicalRecord+Setup.m in Sources */,
				788F63F5168312D200C25E32 /* MagicalRecord+ShorthandSupport.m in Sources */,
				788F63F6168312D200C25E32 /* MagicalRecord.m in Sources */,
				788F640B168318B200C25E32 /* Group.m in Sources */,
				788F640E168319BB00C25E32 /* Receipt.m in Sources */,
				78A90ACE168FEEA00057289E /* LLLikeReceiptHelper.m in Sources */,
				78A90AE6169006370057289E /* UIViewController+ShowHUD.m in Sources */,
				78A90AF6169045BF0057289E /* UIViewController+SetupSideMenu.m in Sources */,
				789948E816904FA9008406ED /* LLSideSwipeMenu.m in Sources */,
				787B243C1699B18800302788 /* LLSavingTimeManager.m in Sources */,
				78EAC95C16A2BEA9004C4B39 /* LLMultipleSocialsCommand.m in Sources */,
			);
			runOnlyForDeploymentPostprocessing = 0;
		};
/* End PBXSourcesBuildPhase section */

/* Begin PBXVariantGroup section */
		785A0DAA15E9A3B6002C6F78 /* InfoPlist.strings */ = {
			isa = PBXVariantGroup;
			children = (
				785A0DAB15E9A3B6002C6F78 /* en */,
			);
			name = InfoPlist.strings;
			sourceTree = "<group>";
		};
/* End PBXVariantGroup section */

/* Begin XCBuildConfiguration section */
		785A0DB915E9A3B6002C6F78 /* Debug */ = {
			isa = XCBuildConfiguration;
			buildSettings = {
				ALWAYS_SEARCH_USER_PATHS = NO;
				ARCHS = "$(ARCHS_STANDARD_32_BIT)";
				CLANG_CXX_LANGUAGE_STANDARD = "gnu++0x";
				CLANG_ENABLE_OBJC_ARC = YES;
				CLANG_WARN__DUPLICATE_METHOD_MATCH = YES;
				"CODE_SIGN_IDENTITY[sdk=iphoneos*]" = "iPhone Developer";
				COPY_PHASE_STRIP = NO;
				GCC_C_LANGUAGE_STANDARD = gnu99;
				GCC_DYNAMIC_NO_PIC = NO;
				GCC_OPTIMIZATION_LEVEL = 0;
				GCC_PREPROCESSOR_DEFINITIONS = (
					"DEBUG=1",
					"$(inherited)",
				);
				GCC_SYMBOLS_PRIVATE_EXTERN = NO;
				GCC_VERSION = com.apple.compilers.llvm.clang.1_0;
				GCC_WARN_ABOUT_RETURN_TYPE = YES;
				GCC_WARN_UNINITIALIZED_AUTOS = YES;
				GCC_WARN_UNUSED_VARIABLE = YES;
				IPHONEOS_DEPLOYMENT_TARGET = 6.0;
				"OTHER_CFLAGS[arch=*]" = "-DDEBUG";
				SDKROOT = iphoneos;
			};
			name = Debug;
		};
		785A0DBA15E9A3B6002C6F78 /* Release */ = {
			isa = XCBuildConfiguration;
			buildSettings = {
				ALWAYS_SEARCH_USER_PATHS = NO;
				ARCHS = "$(ARCHS_STANDARD_32_BIT)";
				CLANG_CXX_LANGUAGE_STANDARD = "gnu++0x";
				CLANG_ENABLE_OBJC_ARC = YES;
				CLANG_WARN__DUPLICATE_METHOD_MATCH = YES;
				"CODE_SIGN_IDENTITY[sdk=iphoneos*]" = "iPhone Developer";
				COPY_PHASE_STRIP = YES;
				GCC_C_LANGUAGE_STANDARD = gnu99;
				GCC_VERSION = com.apple.compilers.llvm.clang.1_0;
				GCC_WARN_ABOUT_RETURN_TYPE = YES;
				GCC_WARN_UNINITIALIZED_AUTOS = YES;
				GCC_WARN_UNUSED_VARIABLE = YES;
				IPHONEOS_DEPLOYMENT_TARGET = 6.0;
				OTHER_CFLAGS = "-DNS_BLOCK_ASSERTIONS=1";
				SDKROOT = iphoneos;
				VALIDATE_PRODUCT = YES;
			};
			name = Release;
		};
		785A0DBC15E9A3B6002C6F78 /* Debug */ = {
			isa = XCBuildConfiguration;
			buildSettings = {
				GCC_PRECOMPILE_PREFIX_HEADER = YES;
				GCC_PREFIX_HEADER = "LightLauncher/LightLauncher-Prefix.pch";
				INFOPLIST_FILE = "LightLauncher/LightLauncher-Info.plist";
				IPHONEOS_DEPLOYMENT_TARGET = 6.0;
				PRODUCT_NAME = "$(TARGET_NAME)";
				WRAPPER_EXTENSION = app;
			};
			name = Debug;
		};
		785A0DBD15E9A3B6002C6F78 /* Release */ = {
			isa = XCBuildConfiguration;
			buildSettings = {
				GCC_PRECOMPILE_PREFIX_HEADER = YES;
				GCC_PREFIX_HEADER = "LightLauncher/LightLauncher-Prefix.pch";
				INFOPLIST_FILE = "LightLauncher/LightLauncher-Info.plist";
				IPHONEOS_DEPLOYMENT_TARGET = 6.0;
				PRODUCT_NAME = "$(TARGET_NAME)";
				WRAPPER_EXTENSION = app;
			};
			name = Release;
		};
/* End XCBuildConfiguration section */

/* Begin XCConfigurationList section */
		785A0D9715E9A3B6002C6F78 /* Build configuration list for PBXProject "LightLauncher" */ = {
			isa = XCConfigurationList;
			buildConfigurations = (
				785A0DB915E9A3B6002C6F78 /* Debug */,
				785A0DBA15E9A3B6002C6F78 /* Release */,
			);
			defaultConfigurationIsVisible = 0;
			defaultConfigurationName = Release;
		};
		785A0DBB15E9A3B6002C6F78 /* Build configuration list for PBXNativeTarget "LightLauncher" */ = {
			isa = XCConfigurationList;
			buildConfigurations = (
				785A0DBC15E9A3B6002C6F78 /* Debug */,
				785A0DBD15E9A3B6002C6F78 /* Release */,
			);
			defaultConfigurationIsVisible = 0;
			defaultConfigurationName = Release;
		};
/* End XCConfigurationList section */

/* Begin XCVersionGroup section */
		788A4839167D976E009401DD /* LightLauncher.xcdatamodeld */ = {
			isa = XCVersionGroup;
			children = (
				788A483A167D976E009401DD /* LightLauncher.xcdatamodel */,
			);
			currentVersion = 788A483A167D976E009401DD /* LightLauncher.xcdatamodel */;
			path = LightLauncher.xcdatamodeld;
			sourceTree = SOURCE_ROOT;
			versionGroupType = wrapper.xcdatamodel;
		};
/* End XCVersionGroup section */
	};
	rootObject = 785A0D9415E9A3B6002C6F78 /* Project object */;
}
